
Microsoft Visual Studio Solution File, Format Version 12.00
# Visual Studio 2012
Project("{2150E333-8FDC-42A3-9474-1A3956D46DE8}") = "NFDep", "NFDep", "{46101454-CE9A-4EBB-B2CC-FD675F91935A}"
EndProject
Project("{2150E333-8FDC-42A3-9474-1A3956D46DE8}") = "NFServer", "NFServer", "{B2D97BF3-2DD8-487A-82FD-D5599078230E}"
EndProject
Project("{2150E333-8FDC-42A3-9474-1A3956D46DE8}") = "NFSDK", "NFSDK", "{92B6A36A-E0B5-4D2E-83CC-96F4AF1C9BCB}"
EndProject
Project("{2150E333-8FDC-42A3-9474-1A3956D46DE8}") = "Tutorial", "Tutorial", "{C0C4DAA0-3755-4A56-B2F4-77C3608E304B}"
EndProject
Project("{FAE04EC0-301F-11D3-BF4B-00C04F79EFBC}") = "NFPluginLoader", "NFComm\NFPluginLoader\NFPluginLoader.csproj", "{F0355E7C-5F74-4A9E-A25D-471051BB83FA}"
	ProjectSection(ProjectDependencies) = postProject
		{FC246931-D865-4BD4-9E5C-534FE796756D} = {FC246931-D865-4BD4-9E5C-534FE796756D}
	EndProjectSection
EndProject
Project("{FAE04EC0-301F-11D3-BF4B-00C04F79EFBC}") = "NFKernelPlugin", "NFComm\NFKernelPlugin\NFKernelPlugin.csproj", "{3C73F6BE-F1AE-412A-AC32-FCCD86498812}"
	ProjectSection(ProjectDependencies) = postProject
		{FC246931-D865-4BD4-9E5C-534FE796756D} = {FC246931-D865-4BD4-9E5C-534FE796756D}
	EndProjectSection
EndProject
Project("{FAE04EC0-301F-11D3-BF4B-00C04F79EFBC}") = "NFMasterServerPlugin", "NFServer\NFMasterServerPlugin\NFMasterServerPlugin.csproj", "{F12B49D4-263F-4D8D-A24A-E32406AB0192}"
	ProjectSection(ProjectDependencies) = postProject
		{C28689AA-5575-420D-9AA7-C00531613AB8} = {C28689AA-5575-420D-9AA7-C00531613AB8}
		{D77FCAB3-66A9-4929-86FE-B01D28ADED6D} = {D77FCAB3-66A9-4929-86FE-B01D28ADED6D}
	EndProjectSection
EndProject
Project("{FAE04EC0-301F-11D3-BF4B-00C04F79EFBC}") = "NFComm", "NFComm\NFPluginModule\NFComm.csproj", "{FAFE0576-7D94-468C-B0FB-95C2C7F33DCD}"
EndProject
Project("{FAE04EC0-301F-11D3-BF4B-00C04F79EFBC}") = "NFProxyServerPlugin", "NFServer\NFProxyServerPlugin\NFProxyServerPlugin.csproj", "{1AFB5488-A932-419D-86E3-71EA83A4C512}"
EndProject
Project("{FAE04EC0-301F-11D3-BF4B-00C04F79EFBC}") = "NFWorldServerPlugin", "NFServer\NFWorldServerPlugin\NFWorldServerPlugin.csproj", "{A32A3134-06C5-4E13-8410-14DE3D10FACC}"
EndProject
Project("{FAE04EC0-301F-11D3-BF4B-00C04F79EFBC}") = "NFLoginServerPlugin", "NFServer\NFLoginServerPlugin\NFLoginServerPlugin.csproj", "{D4FB9C55-A3D1-4B9E-BD51-E289B40FC7F3}"
EndProject
Project("{FAE04EC0-301F-11D3-BF4B-00C04F79EFBC}") = "NFGameServerPlugin", "NFServer\NFGameServerPlugin\NFGameServerPlugin.csproj", "{78C43C7D-620E-48E4-A4B4-1AE3AF217E17}"
EndProject
Project("{FAE04EC0-301F-11D3-BF4B-00C04F79EFBC}") = "NFNetPlugin", "NFComm\NFNetPlugin\NFNetPlugin.csproj", "{D77FCAB3-66A9-4929-86FE-B01D28ADED6D}"
EndProject
Project("{FAE04EC0-301F-11D3-BF4B-00C04F79EFBC}") = "NFActor", "NFComm\NFActor\NFActor.csproj", "{FC246931-D865-4BD4-9E5C-534FE796756D}"
EndProject
Project("{FAE04EC0-301F-11D3-BF4B-00C04F79EFBC}") = "NFMessageDefine", "NFComm\NFMessageDefine\NFMessageDefine.csproj", "{C28689AA-5575-420D-9AA7-C00531613AB8}"
EndProject
Project("{FAE04EC0-301F-11D3-BF4B-00C04F79EFBC}") = "protobuf-net", "NFDep\protobuf-net\protobuf-net.csproj", "{8374E4D7-2A91-48F1-9360-09B09CF27C3F}"
EndProject
Project("{8BC9CEB8-8B4A-11D0-8D11-00A0C91BC942}") = "NFNet", "NFDep\NFNet\NFNet.vcxproj", "{403EB74F-6AF5-4250-8DA5-9D3CBFB7E545}"
EndProject
Global
	GlobalSection(SolutionConfigurationPlatforms) = preSolution
		CoreOnly|Any CPU = CoreOnly|Any CPU
		CoreOnly|Mixed Platforms = CoreOnly|Mixed Platforms
		CoreOnly|Win32 = CoreOnly|Win32
		CoreOnly|x64 = CoreOnly|x64
		CoreOnly|x86 = CoreOnly|x86
		Debug|Any CPU = Debug|Any CPU
		Debug|Mixed Platforms = Debug|Mixed Platforms
		Debug|Win32 = Debug|Win32
		Debug|x64 = Debug|x64
		Debug|x86 = Debug|x86
		iOS|Any CPU = iOS|Any CPU
		iOS|Mixed Platforms = iOS|Mixed Platforms
		iOS|Win32 = iOS|Win32
		iOS|x64 = iOS|x64
		iOS|x86 = iOS|x86
		Net20|Any CPU = Net20|Any CPU
		Net20|Mixed Platforms = Net20|Mixed Platforms
		Net20|Win32 = Net20|Win32
		Net20|x64 = Net20|x64
		Net20|x86 = Net20|x86
		Profile|Any CPU = Profile|Any CPU
		Profile|Mixed Platforms = Profile|Mixed Platforms
		Profile|Win32 = Profile|Win32
		Profile|x64 = Profile|x64
		Profile|x86 = Profile|x86
		Release|Any CPU = Release|Any CPU
		Release|Mixed Platforms = Release|Mixed Platforms
		Release|Win32 = Release|Win32
		Release|x64 = Release|x64
		Release|x86 = Release|x86
		Silverlight2|Any CPU = Silverlight2|Any CPU
		Silverlight2|Mixed Platforms = Silverlight2|Mixed Platforms
		Silverlight2|Win32 = Silverlight2|Win32
		Silverlight2|x64 = Silverlight2|x64
		Silverlight2|x86 = Silverlight2|x86
		Unity|Any CPU = Unity|Any CPU
		Unity|Mixed Platforms = Unity|Mixed Platforms
		Unity|Win32 = Unity|Win32
		Unity|x64 = Unity|x64
		Unity|x86 = Unity|x86
	EndGlobalSection
	GlobalSection(ProjectConfigurationPlatforms) = postSolution
		{F0355E7C-5F74-4A9E-A25D-471051BB83FA}.CoreOnly|Any CPU.ActiveCfg = Release|Any CPU
		{F0355E7C-5F74-4A9E-A25D-471051BB83FA}.CoreOnly|Any CPU.Build.0 = Release|Any CPU
		{F0355E7C-5F74-4A9E-A25D-471051BB83FA}.CoreOnly|Mixed Platforms.ActiveCfg = Release|Any CPU
		{F0355E7C-5F74-4A9E-A25D-471051BB83FA}.CoreOnly|Mixed Platforms.Build.0 = Release|Any CPU
		{F0355E7C-5F74-4A9E-A25D-471051BB83FA}.CoreOnly|Win32.ActiveCfg = Debug|Any CPU
		{F0355E7C-5F74-4A9E-A25D-471051BB83FA}.CoreOnly|x64.ActiveCfg = Debug|Any CPU
		{F0355E7C-5F74-4A9E-A25D-471051BB83FA}.CoreOnly|x86.ActiveCfg = Release|Any CPU
		{F0355E7C-5F74-4A9E-A25D-471051BB83FA}.CoreOnly|x86.Build.0 = Release|Any CPU
		{F0355E7C-5F74-4A9E-A25D-471051BB83FA}.Debug|Any CPU.ActiveCfg = Debug|Any CPU
		{F0355E7C-5F74-4A9E-A25D-471051BB83FA}.Debug|Any CPU.Build.0 = Debug|Any CPU
		{F0355E7C-5F74-4A9E-A25D-471051BB83FA}.Debug|Mixed Platforms.ActiveCfg = Debug|Any CPU
		{F0355E7C-5F74-4A9E-A25D-471051BB83FA}.Debug|Mixed Platforms.Build.0 = Debug|Any CPU
		{F0355E7C-5F74-4A9E-A25D-471051BB83FA}.Debug|Win32.ActiveCfg = Debug|Any CPU
		{F0355E7C-5F74-4A9E-A25D-471051BB83FA}.Debug|x64.ActiveCfg = Debug|Any CPU
		{F0355E7C-5F74-4A9E-A25D-471051BB83FA}.Debug|x86.ActiveCfg = Debug|Any CPU
		{F0355E7C-5F74-4A9E-A25D-471051BB83FA}.iOS|Any CPU.ActiveCfg = Release|Any CPU
		{F0355E7C-5F74-4A9E-A25D-471051BB83FA}.iOS|Any CPU.Build.0 = Release|Any CPU
		{F0355E7C-5F74-4A9E-A25D-471051BB83FA}.iOS|Mixed Platforms.ActiveCfg = Release|Any CPU
		{F0355E7C-5F74-4A9E-A25D-471051BB83FA}.iOS|Mixed Platforms.Build.0 = Release|Any CPU
		{F0355E7C-5F74-4A9E-A25D-471051BB83FA}.iOS|Win32.ActiveCfg = Debug|Any CPU
		{F0355E7C-5F74-4A9E-A25D-471051BB83FA}.iOS|x64.ActiveCfg = Debug|Any CPU
		{F0355E7C-5F74-4A9E-A25D-471051BB83FA}.iOS|x86.ActiveCfg = Release|Any CPU
		{F0355E7C-5F74-4A9E-A25D-471051BB83FA}.iOS|x86.Build.0 = Release|Any CPU
		{F0355E7C-5F74-4A9E-A25D-471051BB83FA}.Net20|Any CPU.ActiveCfg = Release|Any CPU
		{F0355E7C-5F74-4A9E-A25D-471051BB83FA}.Net20|Any CPU.Build.0 = Release|Any CPU
		{F0355E7C-5F74-4A9E-A25D-471051BB83FA}.Net20|Mixed Platforms.ActiveCfg = Release|Any CPU
		{F0355E7C-5F74-4A9E-A25D-471051BB83FA}.Net20|Mixed Platforms.Build.0 = Release|Any CPU
		{F0355E7C-5F74-4A9E-A25D-471051BB83FA}.Net20|Win32.ActiveCfg = Debug|Any CPU
		{F0355E7C-5F74-4A9E-A25D-471051BB83FA}.Net20|x64.ActiveCfg = Debug|Any CPU
		{F0355E7C-5F74-4A9E-A25D-471051BB83FA}.Net20|x86.ActiveCfg = Release|Any CPU
		{F0355E7C-5F74-4A9E-A25D-471051BB83FA}.Net20|x86.Build.0 = Release|Any CPU
		{F0355E7C-5F74-4A9E-A25D-471051BB83FA}.Profile|Any CPU.ActiveCfg = Release|Any CPU
		{F0355E7C-5F74-4A9E-A25D-471051BB83FA}.Profile|Any CPU.Build.0 = Release|Any CPU
		{F0355E7C-5F74-4A9E-A25D-471051BB83FA}.Profile|Mixed Platforms.ActiveCfg = Release|Any CPU
		{F0355E7C-5F74-4A9E-A25D-471051BB83FA}.Profile|Mixed Platforms.Build.0 = Release|Any CPU
		{F0355E7C-5F74-4A9E-A25D-471051BB83FA}.Profile|Win32.ActiveCfg = Debug|Any CPU
		{F0355E7C-5F74-4A9E-A25D-471051BB83FA}.Profile|x64.ActiveCfg = Debug|Any CPU
		{F0355E7C-5F74-4A9E-A25D-471051BB83FA}.Profile|x86.ActiveCfg = Release|Any CPU
		{F0355E7C-5F74-4A9E-A25D-471051BB83FA}.Profile|x86.Build.0 = Release|Any CPU
		{F0355E7C-5F74-4A9E-A25D-471051BB83FA}.Release|Any CPU.ActiveCfg = Release|Any CPU
		{F0355E7C-5F74-4A9E-A25D-471051BB83FA}.Release|Any CPU.Build.0 = Release|Any CPU
		{F0355E7C-5F74-4A9E-A25D-471051BB83FA}.Release|Mixed Platforms.ActiveCfg = Release|Any CPU
		{F0355E7C-5F74-4A9E-A25D-471051BB83FA}.Release|Mixed Platforms.Build.0 = Release|Any CPU
		{F0355E7C-5F74-4A9E-A25D-471051BB83FA}.Release|Win32.ActiveCfg = Release|Any CPU
		{F0355E7C-5F74-4A9E-A25D-471051BB83FA}.Release|x64.ActiveCfg = Release|Any CPU
		{F0355E7C-5F74-4A9E-A25D-471051BB83FA}.Release|x86.ActiveCfg = Release|Any CPU
		{F0355E7C-5F74-4A9E-A25D-471051BB83FA}.Silverlight2|Any CPU.ActiveCfg = Release|Any CPU
		{F0355E7C-5F74-4A9E-A25D-471051BB83FA}.Silverlight2|Any CPU.Build.0 = Release|Any CPU
		{F0355E7C-5F74-4A9E-A25D-471051BB83FA}.Silverlight2|Mixed Platforms.ActiveCfg = Release|Any CPU
		{F0355E7C-5F74-4A9E-A25D-471051BB83FA}.Silverlight2|Mixed Platforms.Build.0 = Release|Any CPU
		{F0355E7C-5F74-4A9E-A25D-471051BB83FA}.Silverlight2|Win32.ActiveCfg = Debug|Any CPU
		{F0355E7C-5F74-4A9E-A25D-471051BB83FA}.Silverlight2|x64.ActiveCfg = Debug|Any CPU
		{F0355E7C-5F74-4A9E-A25D-471051BB83FA}.Silverlight2|x86.ActiveCfg = Release|Any CPU
		{F0355E7C-5F74-4A9E-A25D-471051BB83FA}.Silverlight2|x86.Build.0 = Release|Any CPU
		{F0355E7C-5F74-4A9E-A25D-471051BB83FA}.Unity|Any CPU.ActiveCfg = Release|Any CPU
		{F0355E7C-5F74-4A9E-A25D-471051BB83FA}.Unity|Any CPU.Build.0 = Release|Any CPU
		{F0355E7C-5F74-4A9E-A25D-471051BB83FA}.Unity|Mixed Platforms.ActiveCfg = Release|Any CPU
		{F0355E7C-5F74-4A9E-A25D-471051BB83FA}.Unity|Mixed Platforms.Build.0 = Release|Any CPU
		{F0355E7C-5F74-4A9E-A25D-471051BB83FA}.Unity|Win32.ActiveCfg = Debug|Any CPU
		{F0355E7C-5F74-4A9E-A25D-471051BB83FA}.Unity|x64.ActiveCfg = Debug|Any CPU
		{F0355E7C-5F74-4A9E-A25D-471051BB83FA}.Unity|x86.ActiveCfg = Release|Any CPU
		{F0355E7C-5F74-4A9E-A25D-471051BB83FA}.Unity|x86.Build.0 = Release|Any CPU
		{3C73F6BE-F1AE-412A-AC32-FCCD86498812}.CoreOnly|Any CPU.ActiveCfg = Release|Any CPU
		{3C73F6BE-F1AE-412A-AC32-FCCD86498812}.CoreOnly|Any CPU.Build.0 = Release|Any CPU
		{3C73F6BE-F1AE-412A-AC32-FCCD86498812}.CoreOnly|Mixed Platforms.ActiveCfg = Release|Any CPU
		{3C73F6BE-F1AE-412A-AC32-FCCD86498812}.CoreOnly|Mixed Platforms.Build.0 = Release|Any CPU
		{3C73F6BE-F1AE-412A-AC32-FCCD86498812}.CoreOnly|Win32.ActiveCfg = Debug|Any CPU
		{3C73F6BE-F1AE-412A-AC32-FCCD86498812}.CoreOnly|x64.ActiveCfg = Debug|Any CPU
		{3C73F6BE-F1AE-412A-AC32-FCCD86498812}.CoreOnly|x86.ActiveCfg = Release|Any CPU
		{3C73F6BE-F1AE-412A-AC32-FCCD86498812}.CoreOnly|x86.Build.0 = Release|Any CPU
		{3C73F6BE-F1AE-412A-AC32-FCCD86498812}.Debug|Any CPU.ActiveCfg = Debug|Any CPU
		{3C73F6BE-F1AE-412A-AC32-FCCD86498812}.Debug|Any CPU.Build.0 = Debug|Any CPU
		{3C73F6BE-F1AE-412A-AC32-FCCD86498812}.Debug|Mixed Platforms.ActiveCfg = Debug|Any CPU
		{3C73F6BE-F1AE-412A-AC32-FCCD86498812}.Debug|Mixed Platforms.Build.0 = Debug|Any CPU
		{3C73F6BE-F1AE-412A-AC32-FCCD86498812}.Debug|Win32.ActiveCfg = Debug|Any CPU
		{3C73F6BE-F1AE-412A-AC32-FCCD86498812}.Debug|x64.ActiveCfg = Debug|Any CPU
		{3C73F6BE-F1AE-412A-AC32-FCCD86498812}.Debug|x86.ActiveCfg = Debug|Any CPU
		{3C73F6BE-F1AE-412A-AC32-FCCD86498812}.Debug|x86.Build.0 = Debug|Any CPU
		{3C73F6BE-F1AE-412A-AC32-FCCD86498812}.iOS|Any CPU.ActiveCfg = Release|Any CPU
		{3C73F6BE-F1AE-412A-AC32-FCCD86498812}.iOS|Any CPU.Build.0 = Release|Any CPU
		{3C73F6BE-F1AE-412A-AC32-FCCD86498812}.iOS|Mixed Platforms.ActiveCfg = Release|Any CPU
		{3C73F6BE-F1AE-412A-AC32-FCCD86498812}.iOS|Mixed Platforms.Build.0 = Release|Any CPU
		{3C73F6BE-F1AE-412A-AC32-FCCD86498812}.iOS|Win32.ActiveCfg = Debug|Any CPU
		{3C73F6BE-F1AE-412A-AC32-FCCD86498812}.iOS|x64.ActiveCfg = Debug|Any CPU
		{3C73F6BE-F1AE-412A-AC32-FCCD86498812}.iOS|x86.ActiveCfg = Release|Any CPU
		{3C73F6BE-F1AE-412A-AC32-FCCD86498812}.iOS|x86.Build.0 = Release|Any CPU
		{3C73F6BE-F1AE-412A-AC32-FCCD86498812}.Net20|Any CPU.ActiveCfg = Release|Any CPU
		{3C73F6BE-F1AE-412A-AC32-FCCD86498812}.Net20|Any CPU.Build.0 = Release|Any CPU
		{3C73F6BE-F1AE-412A-AC32-FCCD86498812}.Net20|Mixed Platforms.ActiveCfg = Release|Any CPU
		{3C73F6BE-F1AE-412A-AC32-FCCD86498812}.Net20|Mixed Platforms.Build.0 = Release|Any CPU
		{3C73F6BE-F1AE-412A-AC32-FCCD86498812}.Net20|Win32.ActiveCfg = Debug|Any CPU
		{3C73F6BE-F1AE-412A-AC32-FCCD86498812}.Net20|x64.ActiveCfg = Debug|Any CPU
		{3C73F6BE-F1AE-412A-AC32-FCCD86498812}.Net20|x86.ActiveCfg = Release|Any CPU
		{3C73F6BE-F1AE-412A-AC32-FCCD86498812}.Net20|x86.Build.0 = Release|Any CPU
		{3C73F6BE-F1AE-412A-AC32-FCCD86498812}.Profile|Any CPU.ActiveCfg = Release|Any CPU
		{3C73F6BE-F1AE-412A-AC32-FCCD86498812}.Profile|Any CPU.Build.0 = Release|Any CPU
		{3C73F6BE-F1AE-412A-AC32-FCCD86498812}.Profile|Mixed Platforms.ActiveCfg = Release|Any CPU
		{3C73F6BE-F1AE-412A-AC32-FCCD86498812}.Profile|Mixed Platforms.Build.0 = Release|Any CPU
		{3C73F6BE-F1AE-412A-AC32-FCCD86498812}.Profile|Win32.ActiveCfg = Debug|Any CPU
		{3C73F6BE-F1AE-412A-AC32-FCCD86498812}.Profile|x64.ActiveCfg = Debug|Any CPU
		{3C73F6BE-F1AE-412A-AC32-FCCD86498812}.Profile|x86.ActiveCfg = Release|Any CPU
		{3C73F6BE-F1AE-412A-AC32-FCCD86498812}.Profile|x86.Build.0 = Release|Any CPU
		{3C73F6BE-F1AE-412A-AC32-FCCD86498812}.Release|Any CPU.ActiveCfg = Release|Any CPU
		{3C73F6BE-F1AE-412A-AC32-FCCD86498812}.Release|Any CPU.Build.0 = Release|Any CPU
		{3C73F6BE-F1AE-412A-AC32-FCCD86498812}.Release|Mixed Platforms.ActiveCfg = Release|Any CPU
		{3C73F6BE-F1AE-412A-AC32-FCCD86498812}.Release|Mixed Platforms.Build.0 = Release|Any CPU
		{3C73F6BE-F1AE-412A-AC32-FCCD86498812}.Release|Win32.ActiveCfg = Release|Any CPU
		{3C73F6BE-F1AE-412A-AC32-FCCD86498812}.Release|x64.ActiveCfg = Release|Any CPU
		{3C73F6BE-F1AE-412A-AC32-FCCD86498812}.Release|x86.ActiveCfg = Release|Any CPU
		{3C73F6BE-F1AE-412A-AC32-FCCD86498812}.Release|x86.Build.0 = Release|Any CPU
		{3C73F6BE-F1AE-412A-AC32-FCCD86498812}.Silverlight2|Any CPU.ActiveCfg = Release|Any CPU
		{3C73F6BE-F1AE-412A-AC32-FCCD86498812}.Silverlight2|Any CPU.Build.0 = Release|Any CPU
		{3C73F6BE-F1AE-412A-AC32-FCCD86498812}.Silverlight2|Mixed Platforms.ActiveCfg = Release|Any CPU
		{3C73F6BE-F1AE-412A-AC32-FCCD86498812}.Silverlight2|Mixed Platforms.Build.0 = Release|Any CPU
		{3C73F6BE-F1AE-412A-AC32-FCCD86498812}.Silverlight2|Win32.ActiveCfg = Debug|Any CPU
		{3C73F6BE-F1AE-412A-AC32-FCCD86498812}.Silverlight2|x64.ActiveCfg = Debug|Any CPU
		{3C73F6BE-F1AE-412A-AC32-FCCD86498812}.Silverlight2|x86.ActiveCfg = Release|Any CPU
		{3C73F6BE-F1AE-412A-AC32-FCCD86498812}.Silverlight2|x86.Build.0 = Release|Any CPU
		{3C73F6BE-F1AE-412A-AC32-FCCD86498812}.Unity|Any CPU.ActiveCfg = Release|Any CPU
		{3C73F6BE-F1AE-412A-AC32-FCCD86498812}.Unity|Any CPU.Build.0 = Release|Any CPU
		{3C73F6BE-F1AE-412A-AC32-FCCD86498812}.Unity|Mixed Platforms.ActiveCfg = Release|Any CPU
		{3C73F6BE-F1AE-412A-AC32-FCCD86498812}.Unity|Mixed Platforms.Build.0 = Release|Any CPU
		{3C73F6BE-F1AE-412A-AC32-FCCD86498812}.Unity|Win32.ActiveCfg = Debug|Any CPU
		{3C73F6BE-F1AE-412A-AC32-FCCD86498812}.Unity|x64.ActiveCfg = Debug|Any CPU
		{3C73F6BE-F1AE-412A-AC32-FCCD86498812}.Unity|x86.ActiveCfg = Release|Any CPU
		{3C73F6BE-F1AE-412A-AC32-FCCD86498812}.Unity|x86.Build.0 = Release|Any CPU
		{F12B49D4-263F-4D8D-A24A-E32406AB0192}.CoreOnly|Any CPU.ActiveCfg = Release|Any CPU
		{F12B49D4-263F-4D8D-A24A-E32406AB0192}.CoreOnly|Any CPU.Build.0 = Release|Any CPU
		{F12B49D4-263F-4D8D-A24A-E32406AB0192}.CoreOnly|Mixed Platforms.ActiveCfg = Release|Any CPU
		{F12B49D4-263F-4D8D-A24A-E32406AB0192}.CoreOnly|Mixed Platforms.Build.0 = Release|Any CPU
		{F12B49D4-263F-4D8D-A24A-E32406AB0192}.CoreOnly|Win32.ActiveCfg = Debug|Any CPU
		{F12B49D4-263F-4D8D-A24A-E32406AB0192}.CoreOnly|x64.ActiveCfg = Debug|Any CPU
		{F12B49D4-263F-4D8D-A24A-E32406AB0192}.CoreOnly|x86.ActiveCfg = Release|Any CPU
		{F12B49D4-263F-4D8D-A24A-E32406AB0192}.CoreOnly|x86.Build.0 = Release|Any CPU
		{F12B49D4-263F-4D8D-A24A-E32406AB0192}.Debug|Any CPU.ActiveCfg = Debug|Any CPU
		{F12B49D4-263F-4D8D-A24A-E32406AB0192}.Debug|Any CPU.Build.0 = Debug|Any CPU
		{F12B49D4-263F-4D8D-A24A-E32406AB0192}.Debug|Mixed Platforms.ActiveCfg = Debug|Any CPU
		{F12B49D4-263F-4D8D-A24A-E32406AB0192}.Debug|Mixed Platforms.Build.0 = Debug|Any CPU
		{F12B49D4-263F-4D8D-A24A-E32406AB0192}.Debug|Win32.ActiveCfg = Debug|Any CPU
		{F12B49D4-263F-4D8D-A24A-E32406AB0192}.Debug|x64.ActiveCfg = Debug|Any CPU
		{F12B49D4-263F-4D8D-A24A-E32406AB0192}.Debug|x86.ActiveCfg = Debug|Any CPU
		{F12B49D4-263F-4D8D-A24A-E32406AB0192}.iOS|Any CPU.ActiveCfg = Release|Any CPU
		{F12B49D4-263F-4D8D-A24A-E32406AB0192}.iOS|Any CPU.Build.0 = Release|Any CPU
		{F12B49D4-263F-4D8D-A24A-E32406AB0192}.iOS|Mixed Platforms.ActiveCfg = Release|Any CPU
		{F12B49D4-263F-4D8D-A24A-E32406AB0192}.iOS|Mixed Platforms.Build.0 = Release|Any CPU
		{F12B49D4-263F-4D8D-A24A-E32406AB0192}.iOS|Win32.ActiveCfg = Debug|Any CPU
		{F12B49D4-263F-4D8D-A24A-E32406AB0192}.iOS|x64.ActiveCfg = Debug|Any CPU
		{F12B49D4-263F-4D8D-A24A-E32406AB0192}.iOS|x86.ActiveCfg = Release|Any CPU
		{F12B49D4-263F-4D8D-A24A-E32406AB0192}.iOS|x86.Build.0 = Release|Any CPU
		{F12B49D4-263F-4D8D-A24A-E32406AB0192}.Net20|Any CPU.ActiveCfg = Release|Any CPU
		{F12B49D4-263F-4D8D-A24A-E32406AB0192}.Net20|Any CPU.Build.0 = Release|Any CPU
		{F12B49D4-263F-4D8D-A24A-E32406AB0192}.Net20|Mixed Platforms.ActiveCfg = Release|Any CPU
		{F12B49D4-263F-4D8D-A24A-E32406AB0192}.Net20|Mixed Platforms.Build.0 = Release|Any CPU
		{F12B49D4-263F-4D8D-A24A-E32406AB0192}.Net20|Win32.ActiveCfg = Debug|Any CPU
		{F12B49D4-263F-4D8D-A24A-E32406AB0192}.Net20|x64.ActiveCfg = Debug|Any CPU
		{F12B49D4-263F-4D8D-A24A-E32406AB0192}.Net20|x86.ActiveCfg = Release|Any CPU
		{F12B49D4-263F-4D8D-A24A-E32406AB0192}.Net20|x86.Build.0 = Release|Any CPU
		{F12B49D4-263F-4D8D-A24A-E32406AB0192}.Profile|Any CPU.ActiveCfg = Release|Any CPU
		{F12B49D4-263F-4D8D-A24A-E32406AB0192}.Profile|Any CPU.Build.0 = Release|Any CPU
		{F12B49D4-263F-4D8D-A24A-E32406AB0192}.Profile|Mixed Platforms.ActiveCfg = Release|Any CPU
		{F12B49D4-263F-4D8D-A24A-E32406AB0192}.Profile|Mixed Platforms.Build.0 = Release|Any CPU
		{F12B49D4-263F-4D8D-A24A-E32406AB0192}.Profile|Win32.ActiveCfg = Debug|Any CPU
		{F12B49D4-263F-4D8D-A24A-E32406AB0192}.Profile|x64.ActiveCfg = Debug|Any CPU
		{F12B49D4-263F-4D8D-A24A-E32406AB0192}.Profile|x86.ActiveCfg = Release|Any CPU
		{F12B49D4-263F-4D8D-A24A-E32406AB0192}.Profile|x86.Build.0 = Release|Any CPU
		{F12B49D4-263F-4D8D-A24A-E32406AB0192}.Release|Any CPU.ActiveCfg = Release|Any CPU
		{F12B49D4-263F-4D8D-A24A-E32406AB0192}.Release|Any CPU.Build.0 = Release|Any CPU
		{F12B49D4-263F-4D8D-A24A-E32406AB0192}.Release|Mixed Platforms.ActiveCfg = Release|Any CPU
		{F12B49D4-263F-4D8D-A24A-E32406AB0192}.Release|Mixed Platforms.Build.0 = Release|Any CPU
		{F12B49D4-263F-4D8D-A24A-E32406AB0192}.Release|Win32.ActiveCfg = Release|Any CPU
		{F12B49D4-263F-4D8D-A24A-E32406AB0192}.Release|x64.ActiveCfg = Release|Any CPU
		{F12B49D4-263F-4D8D-A24A-E32406AB0192}.Release|x86.ActiveCfg = Release|Any CPU
		{F12B49D4-263F-4D8D-A24A-E32406AB0192}.Silverlight2|Any CPU.ActiveCfg = Release|Any CPU
		{F12B49D4-263F-4D8D-A24A-E32406AB0192}.Silverlight2|Any CPU.Build.0 = Release|Any CPU
		{F12B49D4-263F-4D8D-A24A-E32406AB0192}.Silverlight2|Mixed Platforms.ActiveCfg = Release|Any CPU
		{F12B49D4-263F-4D8D-A24A-E32406AB0192}.Silverlight2|Mixed Platforms.Build.0 = Release|Any CPU
		{F12B49D4-263F-4D8D-A24A-E32406AB0192}.Silverlight2|Win32.ActiveCfg = Debug|Any CPU
		{F12B49D4-263F-4D8D-A24A-E32406AB0192}.Silverlight2|x64.ActiveCfg = Debug|Any CPU
		{F12B49D4-263F-4D8D-A24A-E32406AB0192}.Silverlight2|x86.ActiveCfg = Release|Any CPU
		{F12B49D4-263F-4D8D-A24A-E32406AB0192}.Silverlight2|x86.Build.0 = Release|Any CPU
		{F12B49D4-263F-4D8D-A24A-E32406AB0192}.Unity|Any CPU.ActiveCfg = Release|Any CPU
		{F12B49D4-263F-4D8D-A24A-E32406AB0192}.Unity|Any CPU.Build.0 = Release|Any CPU
		{F12B49D4-263F-4D8D-A24A-E32406AB0192}.Unity|Mixed Platforms.ActiveCfg = Release|Any CPU
		{F12B49D4-263F-4D8D-A24A-E32406AB0192}.Unity|Mixed Platforms.Build.0 = Release|Any CPU
		{F12B49D4-263F-4D8D-A24A-E32406AB0192}.Unity|Win32.ActiveCfg = Debug|Any CPU
		{F12B49D4-263F-4D8D-A24A-E32406AB0192}.Unity|x64.ActiveCfg = Debug|Any CPU
		{F12B49D4-263F-4D8D-A24A-E32406AB0192}.Unity|x86.ActiveCfg = Release|Any CPU
		{F12B49D4-263F-4D8D-A24A-E32406AB0192}.Unity|x86.Build.0 = Release|Any CPU
		{FAFE0576-7D94-468C-B0FB-95C2C7F33DCD}.CoreOnly|Any CPU.ActiveCfg = Release|Any CPU
		{FAFE0576-7D94-468C-B0FB-95C2C7F33DCD}.CoreOnly|Any CPU.Build.0 = Release|Any CPU
		{FAFE0576-7D94-468C-B0FB-95C2C7F33DCD}.CoreOnly|Mixed Platforms.ActiveCfg = Release|Any CPU
		{FAFE0576-7D94-468C-B0FB-95C2C7F33DCD}.CoreOnly|Mixed Platforms.Build.0 = Release|Any CPU
		{FAFE0576-7D94-468C-B0FB-95C2C7F33DCD}.CoreOnly|Win32.ActiveCfg = Debug|Any CPU
		{FAFE0576-7D94-468C-B0FB-95C2C7F33DCD}.CoreOnly|x64.ActiveCfg = Debug|Any CPU
		{FAFE0576-7D94-468C-B0FB-95C2C7F33DCD}.CoreOnly|x86.ActiveCfg = Release|Any CPU
		{FAFE0576-7D94-468C-B0FB-95C2C7F33DCD}.CoreOnly|x86.Build.0 = Release|Any CPU
		{FAFE0576-7D94-468C-B0FB-95C2C7F33DCD}.Debug|Any CPU.ActiveCfg = Debug|Any CPU
		{FAFE0576-7D94-468C-B0FB-95C2C7F33DCD}.Debug|Any CPU.Build.0 = Debug|Any CPU
		{FAFE0576-7D94-468C-B0FB-95C2C7F33DCD}.Debug|Mixed Platforms.ActiveCfg = Debug|Any CPU
		{FAFE0576-7D94-468C-B0FB-95C2C7F33DCD}.Debug|Mixed Platforms.Build.0 = Debug|Any CPU
		{FAFE0576-7D94-468C-B0FB-95C2C7F33DCD}.Debug|Win32.ActiveCfg = Debug|Any CPU
		{FAFE0576-7D94-468C-B0FB-95C2C7F33DCD}.Debug|x64.ActiveCfg = Debug|Any CPU
		{FAFE0576-7D94-468C-B0FB-95C2C7F33DCD}.Debug|x86.ActiveCfg = Debug|Any CPU
		{FAFE0576-7D94-468C-B0FB-95C2C7F33DCD}.iOS|Any CPU.ActiveCfg = Release|Any CPU
		{FAFE0576-7D94-468C-B0FB-95C2C7F33DCD}.iOS|Any CPU.Build.0 = Release|Any CPU
		{FAFE0576-7D94-468C-B0FB-95C2C7F33DCD}.iOS|Mixed Platforms.ActiveCfg = Release|Any CPU
		{FAFE0576-7D94-468C-B0FB-95C2C7F33DCD}.iOS|Mixed Platforms.Build.0 = Release|Any CPU
		{FAFE0576-7D94-468C-B0FB-95C2C7F33DCD}.iOS|Win32.ActiveCfg = Debug|Any CPU
		{FAFE0576-7D94-468C-B0FB-95C2C7F33DCD}.iOS|x64.ActiveCfg = Debug|Any CPU
		{FAFE0576-7D94-468C-B0FB-95C2C7F33DCD}.iOS|x86.ActiveCfg = Release|Any CPU
		{FAFE0576-7D94-468C-B0FB-95C2C7F33DCD}.iOS|x86.Build.0 = Release|Any CPU
		{FAFE0576-7D94-468C-B0FB-95C2C7F33DCD}.Net20|Any CPU.ActiveCfg = Release|Any CPU
		{FAFE0576-7D94-468C-B0FB-95C2C7F33DCD}.Net20|Any CPU.Build.0 = Release|Any CPU
		{FAFE0576-7D94-468C-B0FB-95C2C7F33DCD}.Net20|Mixed Platforms.ActiveCfg = Release|Any CPU
		{FAFE0576-7D94-468C-B0FB-95C2C7F33DCD}.Net20|Mixed Platforms.Build.0 = Release|Any CPU
		{FAFE0576-7D94-468C-B0FB-95C2C7F33DCD}.Net20|Win32.ActiveCfg = Debug|Any CPU
		{FAFE0576-7D94-468C-B0FB-95C2C7F33DCD}.Net20|x64.ActiveCfg = Debug|Any CPU
		{FAFE0576-7D94-468C-B0FB-95C2C7F33DCD}.Net20|x86.ActiveCfg = Release|Any CPU
		{FAFE0576-7D94-468C-B0FB-95C2C7F33DCD}.Net20|x86.Build.0 = Release|Any CPU
		{FAFE0576-7D94-468C-B0FB-95C2C7F33DCD}.Profile|Any CPU.ActiveCfg = Release|Any CPU
		{FAFE0576-7D94-468C-B0FB-95C2C7F33DCD}.Profile|Any CPU.Build.0 = Release|Any CPU
		{FAFE0576-7D94-468C-B0FB-95C2C7F33DCD}.Profile|Mixed Platforms.ActiveCfg = Release|Any CPU
		{FAFE0576-7D94-468C-B0FB-95C2C7F33DCD}.Profile|Mixed Platforms.Build.0 = Release|Any CPU
		{FAFE0576-7D94-468C-B0FB-95C2C7F33DCD}.Profile|Win32.ActiveCfg = Debug|Any CPU
		{FAFE0576-7D94-468C-B0FB-95C2C7F33DCD}.Profile|x64.ActiveCfg = Debug|Any CPU
		{FAFE0576-7D94-468C-B0FB-95C2C7F33DCD}.Profile|x86.ActiveCfg = Release|Any CPU
		{FAFE0576-7D94-468C-B0FB-95C2C7F33DCD}.Profile|x86.Build.0 = Release|Any CPU
		{FAFE0576-7D94-468C-B0FB-95C2C7F33DCD}.Release|Any CPU.ActiveCfg = Release|Any CPU
		{FAFE0576-7D94-468C-B0FB-95C2C7F33DCD}.Release|Any CPU.Build.0 = Release|Any CPU
		{FAFE0576-7D94-468C-B0FB-95C2C7F33DCD}.Release|Mixed Platforms.ActiveCfg = Release|Any CPU
		{FAFE0576-7D94-468C-B0FB-95C2C7F33DCD}.Release|Mixed Platforms.Build.0 = Release|Any CPU
		{FAFE0576-7D94-468C-B0FB-95C2C7F33DCD}.Release|Win32.ActiveCfg = Release|Any CPU
		{FAFE0576-7D94-468C-B0FB-95C2C7F33DCD}.Release|x64.ActiveCfg = Release|Any CPU
		{FAFE0576-7D94-468C-B0FB-95C2C7F33DCD}.Release|x86.ActiveCfg = Release|Any CPU
		{FAFE0576-7D94-468C-B0FB-95C2C7F33DCD}.Silverlight2|Any CPU.ActiveCfg = Release|Any CPU
		{FAFE0576-7D94-468C-B0FB-95C2C7F33DCD}.Silverlight2|Any CPU.Build.0 = Release|Any CPU
		{FAFE0576-7D94-468C-B0FB-95C2C7F33DCD}.Silverlight2|Mixed Platforms.ActiveCfg = Release|Any CPU
		{FAFE0576-7D94-468C-B0FB-95C2C7F33DCD}.Silverlight2|Mixed Platforms.Build.0 = Release|Any CPU
		{FAFE0576-7D94-468C-B0FB-95C2C7F33DCD}.Silverlight2|Win32.ActiveCfg = Debug|Any CPU
		{FAFE0576-7D94-468C-B0FB-95C2C7F33DCD}.Silverlight2|x64.ActiveCfg = Debug|Any CPU
		{FAFE0576-7D94-468C-B0FB-95C2C7F33DCD}.Silverlight2|x86.ActiveCfg = Release|Any CPU
		{FAFE0576-7D94-468C-B0FB-95C2C7F33DCD}.Silverlight2|x86.Build.0 = Release|Any CPU
		{FAFE0576-7D94-468C-B0FB-95C2C7F33DCD}.Unity|Any CPU.ActiveCfg = Release|Any CPU
		{FAFE0576-7D94-468C-B0FB-95C2C7F33DCD}.Unity|Any CPU.Build.0 = Release|Any CPU
		{FAFE0576-7D94-468C-B0FB-95C2C7F33DCD}.Unity|Mixed Platforms.ActiveCfg = Release|Any CPU
		{FAFE0576-7D94-468C-B0FB-95C2C7F33DCD}.Unity|Mixed Platforms.Build.0 = Release|Any CPU
		{FAFE0576-7D94-468C-B0FB-95C2C7F33DCD}.Unity|Win32.ActiveCfg = Debug|Any CPU
		{FAFE0576-7D94-468C-B0FB-95C2C7F33DCD}.Unity|x64.ActiveCfg = Debug|Any CPU
		{FAFE0576-7D94-468C-B0FB-95C2C7F33DCD}.Unity|x86.ActiveCfg = Release|Any CPU
		{FAFE0576-7D94-468C-B0FB-95C2C7F33DCD}.Unity|x86.Build.0 = Release|Any CPU
		{1AFB5488-A932-419D-86E3-71EA83A4C512}.CoreOnly|Any CPU.ActiveCfg = Release|Any CPU
		{1AFB5488-A932-419D-86E3-71EA83A4C512}.CoreOnly|Any CPU.Build.0 = Release|Any CPU
		{1AFB5488-A932-419D-86E3-71EA83A4C512}.CoreOnly|Mixed Platforms.ActiveCfg = Release|Any CPU
		{1AFB5488-A932-419D-86E3-71EA83A4C512}.CoreOnly|Mixed Platforms.Build.0 = Release|Any CPU
		{1AFB5488-A932-419D-86E3-71EA83A4C512}.CoreOnly|Win32.ActiveCfg = Debug|Any CPU
		{1AFB5488-A932-419D-86E3-71EA83A4C512}.CoreOnly|x64.ActiveCfg = Debug|Any CPU
		{1AFB5488-A932-419D-86E3-71EA83A4C512}.CoreOnly|x86.ActiveCfg = Release|Any CPU
		{1AFB5488-A932-419D-86E3-71EA83A4C512}.CoreOnly|x86.Build.0 = Release|Any CPU
		{1AFB5488-A932-419D-86E3-71EA83A4C512}.Debug|Any CPU.ActiveCfg = Debug|Any CPU
		{1AFB5488-A932-419D-86E3-71EA83A4C512}.Debug|Any CPU.Build.0 = Debug|Any CPU
		{1AFB5488-A932-419D-86E3-71EA83A4C512}.Debug|Mixed Platforms.ActiveCfg = Debug|Any CPU
		{1AFB5488-A932-419D-86E3-71EA83A4C512}.Debug|Mixed Platforms.Build.0 = Debug|Any CPU
		{1AFB5488-A932-419D-86E3-71EA83A4C512}.Debug|Win32.ActiveCfg = Debug|Any CPU
		{1AFB5488-A932-419D-86E3-71EA83A4C512}.Debug|x64.ActiveCfg = Debug|Any CPU
		{1AFB5488-A932-419D-86E3-71EA83A4C512}.Debug|x86.ActiveCfg = Debug|Any CPU
		{1AFB5488-A932-419D-86E3-71EA83A4C512}.iOS|Any CPU.ActiveCfg = Release|Any CPU
		{1AFB5488-A932-419D-86E3-71EA83A4C512}.iOS|Any CPU.Build.0 = Release|Any CPU
		{1AFB5488-A932-419D-86E3-71EA83A4C512}.iOS|Mixed Platforms.ActiveCfg = Release|Any CPU
		{1AFB5488-A932-419D-86E3-71EA83A4C512}.iOS|Mixed Platforms.Build.0 = Release|Any CPU
		{1AFB5488-A932-419D-86E3-71EA83A4C512}.iOS|Win32.ActiveCfg = Debug|Any CPU
		{1AFB5488-A932-419D-86E3-71EA83A4C512}.iOS|x64.ActiveCfg = Debug|Any CPU
		{1AFB5488-A932-419D-86E3-71EA83A4C512}.iOS|x86.ActiveCfg = Release|Any CPU
		{1AFB5488-A932-419D-86E3-71EA83A4C512}.iOS|x86.Build.0 = Release|Any CPU
		{1AFB5488-A932-419D-86E3-71EA83A4C512}.Net20|Any CPU.ActiveCfg = Release|Any CPU
		{1AFB5488-A932-419D-86E3-71EA83A4C512}.Net20|Any CPU.Build.0 = Release|Any CPU
		{1AFB5488-A932-419D-86E3-71EA83A4C512}.Net20|Mixed Platforms.ActiveCfg = Release|Any CPU
		{1AFB5488-A932-419D-86E3-71EA83A4C512}.Net20|Mixed Platforms.Build.0 = Release|Any CPU
		{1AFB5488-A932-419D-86E3-71EA83A4C512}.Net20|Win32.ActiveCfg = Debug|Any CPU
		{1AFB5488-A932-419D-86E3-71EA83A4C512}.Net20|x64.ActiveCfg = Debug|Any CPU
		{1AFB5488-A932-419D-86E3-71EA83A4C512}.Net20|x86.ActiveCfg = Release|Any CPU
		{1AFB5488-A932-419D-86E3-71EA83A4C512}.Net20|x86.Build.0 = Release|Any CPU
		{1AFB5488-A932-419D-86E3-71EA83A4C512}.Profile|Any CPU.ActiveCfg = Release|Any CPU
		{1AFB5488-A932-419D-86E3-71EA83A4C512}.Profile|Any CPU.Build.0 = Release|Any CPU
		{1AFB5488-A932-419D-86E3-71EA83A4C512}.Profile|Mixed Platforms.ActiveCfg = Release|Any CPU
		{1AFB5488-A932-419D-86E3-71EA83A4C512}.Profile|Mixed Platforms.Build.0 = Release|Any CPU
		{1AFB5488-A932-419D-86E3-71EA83A4C512}.Profile|Win32.ActiveCfg = Debug|Any CPU
		{1AFB5488-A932-419D-86E3-71EA83A4C512}.Profile|x64.ActiveCfg = Debug|Any CPU
		{1AFB5488-A932-419D-86E3-71EA83A4C512}.Profile|x86.ActiveCfg = Release|Any CPU
		{1AFB5488-A932-419D-86E3-71EA83A4C512}.Profile|x86.Build.0 = Release|Any CPU
		{1AFB5488-A932-419D-86E3-71EA83A4C512}.Release|Any CPU.ActiveCfg = Release|Any CPU
		{1AFB5488-A932-419D-86E3-71EA83A4C512}.Release|Any CPU.Build.0 = Release|Any CPU
		{1AFB5488-A932-419D-86E3-71EA83A4C512}.Release|Mixed Platforms.ActiveCfg = Release|Any CPU
		{1AFB5488-A932-419D-86E3-71EA83A4C512}.Release|Mixed Platforms.Build.0 = Release|Any CPU
		{1AFB5488-A932-419D-86E3-71EA83A4C512}.Release|Win32.ActiveCfg = Release|Any CPU
		{1AFB5488-A932-419D-86E3-71EA83A4C512}.Release|x64.ActiveCfg = Release|Any CPU
		{1AFB5488-A932-419D-86E3-71EA83A4C512}.Release|x86.ActiveCfg = Release|Any CPU
		{1AFB5488-A932-419D-86E3-71EA83A4C512}.Silverlight2|Any CPU.ActiveCfg = Release|Any CPU
		{1AFB5488-A932-419D-86E3-71EA83A4C512}.Silverlight2|Any CPU.Build.0 = Release|Any CPU
		{1AFB5488-A932-419D-86E3-71EA83A4C512}.Silverlight2|Mixed Platforms.ActiveCfg = Release|Any CPU
		{1AFB5488-A932-419D-86E3-71EA83A4C512}.Silverlight2|Mixed Platforms.Build.0 = Release|Any CPU
		{1AFB5488-A932-419D-86E3-71EA83A4C512}.Silverlight2|Win32.ActiveCfg = Debug|Any CPU
		{1AFB5488-A932-419D-86E3-71EA83A4C512}.Silverlight2|x64.ActiveCfg = Debug|Any CPU
		{1AFB5488-A932-419D-86E3-71EA83A4C512}.Silverlight2|x86.ActiveCfg = Release|Any CPU
		{1AFB5488-A932-419D-86E3-71EA83A4C512}.Silverlight2|x86.Build.0 = Release|Any CPU
		{1AFB5488-A932-419D-86E3-71EA83A4C512}.Unity|Any CPU.ActiveCfg = Release|Any CPU
		{1AFB5488-A932-419D-86E3-71EA83A4C512}.Unity|Any CPU.Build.0 = Release|Any CPU
		{1AFB5488-A932-419D-86E3-71EA83A4C512}.Unity|Mixed Platforms.ActiveCfg = Release|Any CPU
		{1AFB5488-A932-419D-86E3-71EA83A4C512}.Unity|Mixed Platforms.Build.0 = Release|Any CPU
		{1AFB5488-A932-419D-86E3-71EA83A4C512}.Unity|Win32.ActiveCfg = Debug|Any CPU
		{1AFB5488-A932-419D-86E3-71EA83A4C512}.Unity|x64.ActiveCfg = Debug|Any CPU
		{1AFB5488-A932-419D-86E3-71EA83A4C512}.Unity|x86.ActiveCfg = Release|Any CPU
		{1AFB5488-A932-419D-86E3-71EA83A4C512}.Unity|x86.Build.0 = Release|Any CPU
		{A32A3134-06C5-4E13-8410-14DE3D10FACC}.CoreOnly|Any CPU.ActiveCfg = Release|Any CPU
		{A32A3134-06C5-4E13-8410-14DE3D10FACC}.CoreOnly|Any CPU.Build.0 = Release|Any CPU
		{A32A3134-06C5-4E13-8410-14DE3D10FACC}.CoreOnly|Mixed Platforms.ActiveCfg = Release|Any CPU
		{A32A3134-06C5-4E13-8410-14DE3D10FACC}.CoreOnly|Mixed Platforms.Build.0 = Release|Any CPU
		{A32A3134-06C5-4E13-8410-14DE3D10FACC}.CoreOnly|Win32.ActiveCfg = Debug|Any CPU
		{A32A3134-06C5-4E13-8410-14DE3D10FACC}.CoreOnly|x64.ActiveCfg = Debug|Any CPU
		{A32A3134-06C5-4E13-8410-14DE3D10FACC}.CoreOnly|x86.ActiveCfg = Release|Any CPU
		{A32A3134-06C5-4E13-8410-14DE3D10FACC}.CoreOnly|x86.Build.0 = Release|Any CPU
		{A32A3134-06C5-4E13-8410-14DE3D10FACC}.Debug|Any CPU.ActiveCfg = Debug|Any CPU
		{A32A3134-06C5-4E13-8410-14DE3D10FACC}.Debug|Any CPU.Build.0 = Debug|Any CPU
		{A32A3134-06C5-4E13-8410-14DE3D10FACC}.Debug|Mixed Platforms.ActiveCfg = Debug|Any CPU
		{A32A3134-06C5-4E13-8410-14DE3D10FACC}.Debug|Mixed Platforms.Build.0 = Debug|Any CPU
		{A32A3134-06C5-4E13-8410-14DE3D10FACC}.Debug|Win32.ActiveCfg = Debug|Any CPU
		{A32A3134-06C5-4E13-8410-14DE3D10FACC}.Debug|x64.ActiveCfg = Debug|Any CPU
		{A32A3134-06C5-4E13-8410-14DE3D10FACC}.Debug|x86.ActiveCfg = Debug|Any CPU
		{A32A3134-06C5-4E13-8410-14DE3D10FACC}.iOS|Any CPU.ActiveCfg = Release|Any CPU
		{A32A3134-06C5-4E13-8410-14DE3D10FACC}.iOS|Any CPU.Build.0 = Release|Any CPU
		{A32A3134-06C5-4E13-8410-14DE3D10FACC}.iOS|Mixed Platforms.ActiveCfg = Release|Any CPU
		{A32A3134-06C5-4E13-8410-14DE3D10FACC}.iOS|Mixed Platforms.Build.0 = Release|Any CPU
		{A32A3134-06C5-4E13-8410-14DE3D10FACC}.iOS|Win32.ActiveCfg = Debug|Any CPU
		{A32A3134-06C5-4E13-8410-14DE3D10FACC}.iOS|x64.ActiveCfg = Debug|Any CPU
		{A32A3134-06C5-4E13-8410-14DE3D10FACC}.iOS|x86.ActiveCfg = Release|Any CPU
		{A32A3134-06C5-4E13-8410-14DE3D10FACC}.iOS|x86.Build.0 = Release|Any CPU
		{A32A3134-06C5-4E13-8410-14DE3D10FACC}.Net20|Any CPU.ActiveCfg = Release|Any CPU
		{A32A3134-06C5-4E13-8410-14DE3D10FACC}.Net20|Any CPU.Build.0 = Release|Any CPU
		{A32A3134-06C5-4E13-8410-14DE3D10FACC}.Net20|Mixed Platforms.ActiveCfg = Release|Any CPU
		{A32A3134-06C5-4E13-8410-14DE3D10FACC}.Net20|Mixed Platforms.Build.0 = Release|Any CPU
		{A32A3134-06C5-4E13-8410-14DE3D10FACC}.Net20|Win32.ActiveCfg = Debug|Any CPU
		{A32A3134-06C5-4E13-8410-14DE3D10FACC}.Net20|x64.ActiveCfg = Debug|Any CPU
		{A32A3134-06C5-4E13-8410-14DE3D10FACC}.Net20|x86.ActiveCfg = Release|Any CPU
		{A32A3134-06C5-4E13-8410-14DE3D10FACC}.Net20|x86.Build.0 = Release|Any CPU
		{A32A3134-06C5-4E13-8410-14DE3D10FACC}.Profile|Any CPU.ActiveCfg = Release|Any CPU
		{A32A3134-06C5-4E13-8410-14DE3D10FACC}.Profile|Any CPU.Build.0 = Release|Any CPU
		{A32A3134-06C5-4E13-8410-14DE3D10FACC}.Profile|Mixed Platforms.ActiveCfg = Release|Any CPU
		{A32A3134-06C5-4E13-8410-14DE3D10FACC}.Profile|Mixed Platforms.Build.0 = Release|Any CPU
		{A32A3134-06C5-4E13-8410-14DE3D10FACC}.Profile|Win32.ActiveCfg = Debug|Any CPU
		{A32A3134-06C5-4E13-8410-14DE3D10FACC}.Profile|x64.ActiveCfg = Debug|Any CPU
		{A32A3134-06C5-4E13-8410-14DE3D10FACC}.Profile|x86.ActiveCfg = Release|Any CPU
		{A32A3134-06C5-4E13-8410-14DE3D10FACC}.Profile|x86.Build.0 = Release|Any CPU
		{A32A3134-06C5-4E13-8410-14DE3D10FACC}.Release|Any CPU.ActiveCfg = Release|Any CPU
		{A32A3134-06C5-4E13-8410-14DE3D10FACC}.Release|Any CPU.Build.0 = Release|Any CPU
		{A32A3134-06C5-4E13-8410-14DE3D10FACC}.Release|Mixed Platforms.ActiveCfg = Release|Any CPU
		{A32A3134-06C5-4E13-8410-14DE3D10FACC}.Release|Mixed Platforms.Build.0 = Release|Any CPU
		{A32A3134-06C5-4E13-8410-14DE3D10FACC}.Release|Win32.ActiveCfg = Release|Any CPU
		{A32A3134-06C5-4E13-8410-14DE3D10FACC}.Release|x64.ActiveCfg = Release|Any CPU
		{A32A3134-06C5-4E13-8410-14DE3D10FACC}.Release|x86.ActiveCfg = Release|Any CPU
		{A32A3134-06C5-4E13-8410-14DE3D10FACC}.Silverlight2|Any CPU.ActiveCfg = Release|Any CPU
		{A32A3134-06C5-4E13-8410-14DE3D10FACC}.Silverlight2|Any CPU.Build.0 = Release|Any CPU
		{A32A3134-06C5-4E13-8410-14DE3D10FACC}.Silverlight2|Mixed Platforms.ActiveCfg = Release|Any CPU
		{A32A3134-06C5-4E13-8410-14DE3D10FACC}.Silverlight2|Mixed Platforms.Build.0 = Release|Any CPU
		{A32A3134-06C5-4E13-8410-14DE3D10FACC}.Silverlight2|Win32.ActiveCfg = Debug|Any CPU
		{A32A3134-06C5-4E13-8410-14DE3D10FACC}.Silverlight2|x64.ActiveCfg = Debug|Any CPU
		{A32A3134-06C5-4E13-8410-14DE3D10FACC}.Silverlight2|x86.ActiveCfg = Release|Any CPU
		{A32A3134-06C5-4E13-8410-14DE3D10FACC}.Silverlight2|x86.Build.0 = Release|Any CPU
		{A32A3134-06C5-4E13-8410-14DE3D10FACC}.Unity|Any CPU.ActiveCfg = Release|Any CPU
		{A32A3134-06C5-4E13-8410-14DE3D10FACC}.Unity|Any CPU.Build.0 = Release|Any CPU
		{A32A3134-06C5-4E13-8410-14DE3D10FACC}.Unity|Mixed Platforms.ActiveCfg = Release|Any CPU
		{A32A3134-06C5-4E13-8410-14DE3D10FACC}.Unity|Mixed Platforms.Build.0 = Release|Any CPU
		{A32A3134-06C5-4E13-8410-14DE3D10FACC}.Unity|Win32.ActiveCfg = Debug|Any CPU
		{A32A3134-06C5-4E13-8410-14DE3D10FACC}.Unity|x64.ActiveCfg = Debug|Any CPU
		{A32A3134-06C5-4E13-8410-14DE3D10FACC}.Unity|x86.ActiveCfg = Release|Any CPU
		{A32A3134-06C5-4E13-8410-14DE3D10FACC}.Unity|x86.Build.0 = Release|Any CPU
		{D4FB9C55-A3D1-4B9E-BD51-E289B40FC7F3}.CoreOnly|Any CPU.ActiveCfg = Release|Any CPU
		{D4FB9C55-A3D1-4B9E-BD51-E289B40FC7F3}.CoreOnly|Any CPU.Build.0 = Release|Any CPU
		{D4FB9C55-A3D1-4B9E-BD51-E289B40FC7F3}.CoreOnly|Mixed Platforms.ActiveCfg = Release|Any CPU
		{D4FB9C55-A3D1-4B9E-BD51-E289B40FC7F3}.CoreOnly|Mixed Platforms.Build.0 = Release|Any CPU
		{D4FB9C55-A3D1-4B9E-BD51-E289B40FC7F3}.CoreOnly|Win32.ActiveCfg = Debug|Any CPU
		{D4FB9C55-A3D1-4B9E-BD51-E289B40FC7F3}.CoreOnly|x64.ActiveCfg = Debug|Any CPU
		{D4FB9C55-A3D1-4B9E-BD51-E289B40FC7F3}.CoreOnly|x86.ActiveCfg = Release|Any CPU
		{D4FB9C55-A3D1-4B9E-BD51-E289B40FC7F3}.CoreOnly|x86.Build.0 = Release|Any CPU
		{D4FB9C55-A3D1-4B9E-BD51-E289B40FC7F3}.Debug|Any CPU.ActiveCfg = Debug|Any CPU
		{D4FB9C55-A3D1-4B9E-BD51-E289B40FC7F3}.Debug|Any CPU.Build.0 = Debug|Any CPU
		{D4FB9C55-A3D1-4B9E-BD51-E289B40FC7F3}.Debug|Mixed Platforms.ActiveCfg = Debug|Any CPU
		{D4FB9C55-A3D1-4B9E-BD51-E289B40FC7F3}.Debug|Mixed Platforms.Build.0 = Debug|Any CPU
		{D4FB9C55-A3D1-4B9E-BD51-E289B40FC7F3}.Debug|Win32.ActiveCfg = Debug|Any CPU
		{D4FB9C55-A3D1-4B9E-BD51-E289B40FC7F3}.Debug|x64.ActiveCfg = Debug|Any CPU
		{D4FB9C55-A3D1-4B9E-BD51-E289B40FC7F3}.Debug|x86.ActiveCfg = Debug|Any CPU
		{D4FB9C55-A3D1-4B9E-BD51-E289B40FC7F3}.iOS|Any CPU.ActiveCfg = Release|Any CPU
		{D4FB9C55-A3D1-4B9E-BD51-E289B40FC7F3}.iOS|Any CPU.Build.0 = Release|Any CPU
		{D4FB9C55-A3D1-4B9E-BD51-E289B40FC7F3}.iOS|Mixed Platforms.ActiveCfg = Release|Any CPU
		{D4FB9C55-A3D1-4B9E-BD51-E289B40FC7F3}.iOS|Mixed Platforms.Build.0 = Release|Any CPU
		{D4FB9C55-A3D1-4B9E-BD51-E289B40FC7F3}.iOS|Win32.ActiveCfg = Debug|Any CPU
		{D4FB9C55-A3D1-4B9E-BD51-E289B40FC7F3}.iOS|x64.ActiveCfg = Debug|Any CPU
		{D4FB9C55-A3D1-4B9E-BD51-E289B40FC7F3}.iOS|x86.ActiveCfg = Release|Any CPU
		{D4FB9C55-A3D1-4B9E-BD51-E289B40FC7F3}.iOS|x86.Build.0 = Release|Any CPU
		{D4FB9C55-A3D1-4B9E-BD51-E289B40FC7F3}.Net20|Any CPU.ActiveCfg = Release|Any CPU
		{D4FB9C55-A3D1-4B9E-BD51-E289B40FC7F3}.Net20|Any CPU.Build.0 = Release|Any CPU
		{D4FB9C55-A3D1-4B9E-BD51-E289B40FC7F3}.Net20|Mixed Platforms.ActiveCfg = Release|Any CPU
		{D4FB9C55-A3D1-4B9E-BD51-E289B40FC7F3}.Net20|Mixed Platforms.Build.0 = Release|Any CPU
		{D4FB9C55-A3D1-4B9E-BD51-E289B40FC7F3}.Net20|Win32.ActiveCfg = Debug|Any CPU
		{D4FB9C55-A3D1-4B9E-BD51-E289B40FC7F3}.Net20|x64.ActiveCfg = Debug|Any CPU
		{D4FB9C55-A3D1-4B9E-BD51-E289B40FC7F3}.Net20|x86.ActiveCfg = Release|Any CPU
		{D4FB9C55-A3D1-4B9E-BD51-E289B40FC7F3}.Net20|x86.Build.0 = Release|Any CPU
		{D4FB9C55-A3D1-4B9E-BD51-E289B40FC7F3}.Profile|Any CPU.ActiveCfg = Release|Any CPU
		{D4FB9C55-A3D1-4B9E-BD51-E289B40FC7F3}.Profile|Any CPU.Build.0 = Release|Any CPU
		{D4FB9C55-A3D1-4B9E-BD51-E289B40FC7F3}.Profile|Mixed Platforms.ActiveCfg = Release|Any CPU
		{D4FB9C55-A3D1-4B9E-BD51-E289B40FC7F3}.Profile|Mixed Platforms.Build.0 = Release|Any CPU
		{D4FB9C55-A3D1-4B9E-BD51-E289B40FC7F3}.Profile|Win32.ActiveCfg = Debug|Any CPU
		{D4FB9C55-A3D1-4B9E-BD51-E289B40FC7F3}.Profile|x64.ActiveCfg = Debug|Any CPU
		{D4FB9C55-A3D1-4B9E-BD51-E289B40FC7F3}.Profile|x86.ActiveCfg = Release|Any CPU
		{D4FB9C55-A3D1-4B9E-BD51-E289B40FC7F3}.Profile|x86.Build.0 = Release|Any CPU
		{D4FB9C55-A3D1-4B9E-BD51-E289B40FC7F3}.Release|Any CPU.ActiveCfg = Release|Any CPU
		{D4FB9C55-A3D1-4B9E-BD51-E289B40FC7F3}.Release|Any CPU.Build.0 = Release|Any CPU
		{D4FB9C55-A3D1-4B9E-BD51-E289B40FC7F3}.Release|Mixed Platforms.ActiveCfg = Release|Any CPU
		{D4FB9C55-A3D1-4B9E-BD51-E289B40FC7F3}.Release|Mixed Platforms.Build.0 = Release|Any CPU
		{D4FB9C55-A3D1-4B9E-BD51-E289B40FC7F3}.Release|Win32.ActiveCfg = Release|Any CPU
		{D4FB9C55-A3D1-4B9E-BD51-E289B40FC7F3}.Release|x64.ActiveCfg = Release|Any CPU
		{D4FB9C55-A3D1-4B9E-BD51-E289B40FC7F3}.Release|x86.ActiveCfg = Release|Any CPU
		{D4FB9C55-A3D1-4B9E-BD51-E289B40FC7F3}.Silverlight2|Any CPU.ActiveCfg = Release|Any CPU
		{D4FB9C55-A3D1-4B9E-BD51-E289B40FC7F3}.Silverlight2|Any CPU.Build.0 = Release|Any CPU
		{D4FB9C55-A3D1-4B9E-BD51-E289B40FC7F3}.Silverlight2|Mixed Platforms.ActiveCfg = Release|Any CPU
		{D4FB9C55-A3D1-4B9E-BD51-E289B40FC7F3}.Silverlight2|Mixed Platforms.Build.0 = Release|Any CPU
		{D4FB9C55-A3D1-4B9E-BD51-E289B40FC7F3}.Silverlight2|Win32.ActiveCfg = Debug|Any CPU
		{D4FB9C55-A3D1-4B9E-BD51-E289B40FC7F3}.Silverlight2|x64.ActiveCfg = Debug|Any CPU
		{D4FB9C55-A3D1-4B9E-BD51-E289B40FC7F3}.Silverlight2|x86.ActiveCfg = Release|Any CPU
		{D4FB9C55-A3D1-4B9E-BD51-E289B40FC7F3}.Silverlight2|x86.Build.0 = Release|Any CPU
		{D4FB9C55-A3D1-4B9E-BD51-E289B40FC7F3}.Unity|Any CPU.ActiveCfg = Release|Any CPU
		{D4FB9C55-A3D1-4B9E-BD51-E289B40FC7F3}.Unity|Any CPU.Build.0 = Release|Any CPU
		{D4FB9C55-A3D1-4B9E-BD51-E289B40FC7F3}.Unity|Mixed Platforms.ActiveCfg = Release|Any CPU
		{D4FB9C55-A3D1-4B9E-BD51-E289B40FC7F3}.Unity|Mixed Platforms.Build.0 = Release|Any CPU
		{D4FB9C55-A3D1-4B9E-BD51-E289B40FC7F3}.Unity|Win32.ActiveCfg = Debug|Any CPU
		{D4FB9C55-A3D1-4B9E-BD51-E289B40FC7F3}.Unity|x64.ActiveCfg = Debug|Any CPU
		{D4FB9C55-A3D1-4B9E-BD51-E289B40FC7F3}.Unity|x86.ActiveCfg = Release|Any CPU
		{D4FB9C55-A3D1-4B9E-BD51-E289B40FC7F3}.Unity|x86.Build.0 = Release|Any CPU
		{78C43C7D-620E-48E4-A4B4-1AE3AF217E17}.CoreOnly|Any CPU.ActiveCfg = Release|Any CPU
		{78C43C7D-620E-48E4-A4B4-1AE3AF217E17}.CoreOnly|Any CPU.Build.0 = Release|Any CPU
		{78C43C7D-620E-48E4-A4B4-1AE3AF217E17}.CoreOnly|Mixed Platforms.ActiveCfg = Release|Any CPU
		{78C43C7D-620E-48E4-A4B4-1AE3AF217E17}.CoreOnly|Mixed Platforms.Build.0 = Release|Any CPU
		{78C43C7D-620E-48E4-A4B4-1AE3AF217E17}.CoreOnly|Win32.ActiveCfg = Debug|Any CPU
		{78C43C7D-620E-48E4-A4B4-1AE3AF217E17}.CoreOnly|x64.ActiveCfg = Debug|Any CPU
		{78C43C7D-620E-48E4-A4B4-1AE3AF217E17}.CoreOnly|x86.ActiveCfg = Release|Any CPU
		{78C43C7D-620E-48E4-A4B4-1AE3AF217E17}.CoreOnly|x86.Build.0 = Release|Any CPU
		{78C43C7D-620E-48E4-A4B4-1AE3AF217E17}.Debug|Any CPU.ActiveCfg = Debug|Any CPU
		{78C43C7D-620E-48E4-A4B4-1AE3AF217E17}.Debug|Any CPU.Build.0 = Debug|Any CPU
		{78C43C7D-620E-48E4-A4B4-1AE3AF217E17}.Debug|Mixed Platforms.ActiveCfg = Debug|Any CPU
		{78C43C7D-620E-48E4-A4B4-1AE3AF217E17}.Debug|Mixed Platforms.Build.0 = Debug|Any CPU
		{78C43C7D-620E-48E4-A4B4-1AE3AF217E17}.Debug|Win32.ActiveCfg = Debug|Any CPU
		{78C43C7D-620E-48E4-A4B4-1AE3AF217E17}.Debug|x64.ActiveCfg = Debug|Any CPU
		{78C43C7D-620E-48E4-A4B4-1AE3AF217E17}.Debug|x86.ActiveCfg = Debug|Any CPU
		{78C43C7D-620E-48E4-A4B4-1AE3AF217E17}.iOS|Any CPU.ActiveCfg = Release|Any CPU
		{78C43C7D-620E-48E4-A4B4-1AE3AF217E17}.iOS|Any CPU.Build.0 = Release|Any CPU
		{78C43C7D-620E-48E4-A4B4-1AE3AF217E17}.iOS|Mixed Platforms.ActiveCfg = Release|Any CPU
		{78C43C7D-620E-48E4-A4B4-1AE3AF217E17}.iOS|Mixed Platforms.Build.0 = Release|Any CPU
		{78C43C7D-620E-48E4-A4B4-1AE3AF217E17}.iOS|Win32.ActiveCfg = Debug|Any CPU
		{78C43C7D-620E-48E4-A4B4-1AE3AF217E17}.iOS|x64.ActiveCfg = Debug|Any CPU
		{78C43C7D-620E-48E4-A4B4-1AE3AF217E17}.iOS|x86.ActiveCfg = Release|Any CPU
		{78C43C7D-620E-48E4-A4B4-1AE3AF217E17}.iOS|x86.Build.0 = Release|Any CPU
		{78C43C7D-620E-48E4-A4B4-1AE3AF217E17}.Net20|Any CPU.ActiveCfg = Release|Any CPU
		{78C43C7D-620E-48E4-A4B4-1AE3AF217E17}.Net20|Any CPU.Build.0 = Release|Any CPU
		{78C43C7D-620E-48E4-A4B4-1AE3AF217E17}.Net20|Mixed Platforms.ActiveCfg = Release|Any CPU
		{78C43C7D-620E-48E4-A4B4-1AE3AF217E17}.Net20|Mixed Platforms.Build.0 = Release|Any CPU
		{78C43C7D-620E-48E4-A4B4-1AE3AF217E17}.Net20|Win32.ActiveCfg = Debug|Any CPU
		{78C43C7D-620E-48E4-A4B4-1AE3AF217E17}.Net20|x64.ActiveCfg = Debug|Any CPU
		{78C43C7D-620E-48E4-A4B4-1AE3AF217E17}.Net20|x86.ActiveCfg = Release|Any CPU
		{78C43C7D-620E-48E4-A4B4-1AE3AF217E17}.Net20|x86.Build.0 = Release|Any CPU
		{78C43C7D-620E-48E4-A4B4-1AE3AF217E17}.Profile|Any CPU.ActiveCfg = Release|Any CPU
		{78C43C7D-620E-48E4-A4B4-1AE3AF217E17}.Profile|Any CPU.Build.0 = Release|Any CPU
		{78C43C7D-620E-48E4-A4B4-1AE3AF217E17}.Profile|Mixed Platforms.ActiveCfg = Release|Any CPU
		{78C43C7D-620E-48E4-A4B4-1AE3AF217E17}.Profile|Mixed Platforms.Build.0 = Release|Any CPU
		{78C43C7D-620E-48E4-A4B4-1AE3AF217E17}.Profile|Win32.ActiveCfg = Debug|Any CPU
		{78C43C7D-620E-48E4-A4B4-1AE3AF217E17}.Profile|x64.ActiveCfg = Debug|Any CPU
		{78C43C7D-620E-48E4-A4B4-1AE3AF217E17}.Profile|x86.ActiveCfg = Release|Any CPU
		{78C43C7D-620E-48E4-A4B4-1AE3AF217E17}.Profile|x86.Build.0 = Release|Any CPU
		{78C43C7D-620E-48E4-A4B4-1AE3AF217E17}.Release|Any CPU.ActiveCfg = Release|Any CPU
		{78C43C7D-620E-48E4-A4B4-1AE3AF217E17}.Release|Any CPU.Build.0 = Release|Any CPU
		{78C43C7D-620E-48E4-A4B4-1AE3AF217E17}.Release|Mixed Platforms.ActiveCfg = Release|Any CPU
		{78C43C7D-620E-48E4-A4B4-1AE3AF217E17}.Release|Mixed Platforms.Build.0 = Release|Any CPU
		{78C43C7D-620E-48E4-A4B4-1AE3AF217E17}.Release|Win32.ActiveCfg = Release|Any CPU
		{78C43C7D-620E-48E4-A4B4-1AE3AF217E17}.Release|x64.ActiveCfg = Release|Any CPU
		{78C43C7D-620E-48E4-A4B4-1AE3AF217E17}.Release|x86.ActiveCfg = Release|Any CPU
		{78C43C7D-620E-48E4-A4B4-1AE3AF217E17}.Silverlight2|Any CPU.ActiveCfg = Release|Any CPU
		{78C43C7D-620E-48E4-A4B4-1AE3AF217E17}.Silverlight2|Any CPU.Build.0 = Release|Any CPU
		{78C43C7D-620E-48E4-A4B4-1AE3AF217E17}.Silverlight2|Mixed Platforms.ActiveCfg = Release|Any CPU
		{78C43C7D-620E-48E4-A4B4-1AE3AF217E17}.Silverlight2|Mixed Platforms.Build.0 = Release|Any CPU
		{78C43C7D-620E-48E4-A4B4-1AE3AF217E17}.Silverlight2|Win32.ActiveCfg = Debug|Any CPU
		{78C43C7D-620E-48E4-A4B4-1AE3AF217E17}.Silverlight2|x64.ActiveCfg = Debug|Any CPU
		{78C43C7D-620E-48E4-A4B4-1AE3AF217E17}.Silverlight2|x86.ActiveCfg = Release|Any CPU
		{78C43C7D-620E-48E4-A4B4-1AE3AF217E17}.Silverlight2|x86.Build.0 = Release|Any CPU
		{78C43C7D-620E-48E4-A4B4-1AE3AF217E17}.Unity|Any CPU.ActiveCfg = Release|Any CPU
		{78C43C7D-620E-48E4-A4B4-1AE3AF217E17}.Unity|Any CPU.Build.0 = Release|Any CPU
		{78C43C7D-620E-48E4-A4B4-1AE3AF217E17}.Unity|Mixed Platforms.ActiveCfg = Release|Any CPU
		{78C43C7D-620E-48E4-A4B4-1AE3AF217E17}.Unity|Mixed Platforms.Build.0 = Release|Any CPU
		{78C43C7D-620E-48E4-A4B4-1AE3AF217E17}.Unity|Win32.ActiveCfg = Debug|Any CPU
		{78C43C7D-620E-48E4-A4B4-1AE3AF217E17}.Unity|x64.ActiveCfg = Debug|Any CPU
		{78C43C7D-620E-48E4-A4B4-1AE3AF217E17}.Unity|x86.ActiveCfg = Release|Any CPU
		{78C43C7D-620E-48E4-A4B4-1AE3AF217E17}.Unity|x86.Build.0 = Release|Any CPU
		{D77FCAB3-66A9-4929-86FE-B01D28ADED6D}.CoreOnly|Any CPU.ActiveCfg = Release|Any CPU
		{D77FCAB3-66A9-4929-86FE-B01D28ADED6D}.CoreOnly|Any CPU.Build.0 = Release|Any CPU
		{D77FCAB3-66A9-4929-86FE-B01D28ADED6D}.CoreOnly|Mixed Platforms.ActiveCfg = Release|Any CPU
		{D77FCAB3-66A9-4929-86FE-B01D28ADED6D}.CoreOnly|Mixed Platforms.Build.0 = Release|Any CPU
		{D77FCAB3-66A9-4929-86FE-B01D28ADED6D}.CoreOnly|Win32.ActiveCfg = Debug|Any CPU
		{D77FCAB3-66A9-4929-86FE-B01D28ADED6D}.CoreOnly|x64.ActiveCfg = Debug|Any CPU
		{D77FCAB3-66A9-4929-86FE-B01D28ADED6D}.CoreOnly|x86.ActiveCfg = Release|Any CPU
		{D77FCAB3-66A9-4929-86FE-B01D28ADED6D}.CoreOnly|x86.Build.0 = Release|Any CPU
		{D77FCAB3-66A9-4929-86FE-B01D28ADED6D}.Debug|Any CPU.ActiveCfg = Debug|Any CPU
		{D77FCAB3-66A9-4929-86FE-B01D28ADED6D}.Debug|Any CPU.Build.0 = Debug|Any CPU
		{D77FCAB3-66A9-4929-86FE-B01D28ADED6D}.Debug|Mixed Platforms.ActiveCfg = Debug|Any CPU
		{D77FCAB3-66A9-4929-86FE-B01D28ADED6D}.Debug|Mixed Platforms.Build.0 = Debug|Any CPU
		{D77FCAB3-66A9-4929-86FE-B01D28ADED6D}.Debug|Win32.ActiveCfg = Debug|Any CPU
		{D77FCAB3-66A9-4929-86FE-B01D28ADED6D}.Debug|x64.ActiveCfg = Debug|Any CPU
		{D77FCAB3-66A9-4929-86FE-B01D28ADED6D}.Debug|x86.ActiveCfg = Debug|Any CPU
		{D77FCAB3-66A9-4929-86FE-B01D28ADED6D}.iOS|Any CPU.ActiveCfg = Release|Any CPU
		{D77FCAB3-66A9-4929-86FE-B01D28ADED6D}.iOS|Any CPU.Build.0 = Release|Any CPU
		{D77FCAB3-66A9-4929-86FE-B01D28ADED6D}.iOS|Mixed Platforms.ActiveCfg = Release|Any CPU
		{D77FCAB3-66A9-4929-86FE-B01D28ADED6D}.iOS|Mixed Platforms.Build.0 = Release|Any CPU
		{D77FCAB3-66A9-4929-86FE-B01D28ADED6D}.iOS|Win32.ActiveCfg = Debug|Any CPU
		{D77FCAB3-66A9-4929-86FE-B01D28ADED6D}.iOS|x64.ActiveCfg = Debug|Any CPU
		{D77FCAB3-66A9-4929-86FE-B01D28ADED6D}.iOS|x86.ActiveCfg = Release|Any CPU
		{D77FCAB3-66A9-4929-86FE-B01D28ADED6D}.iOS|x86.Build.0 = Release|Any CPU
		{D77FCAB3-66A9-4929-86FE-B01D28ADED6D}.Net20|Any CPU.ActiveCfg = Release|Any CPU
		{D77FCAB3-66A9-4929-86FE-B01D28ADED6D}.Net20|Any CPU.Build.0 = Release|Any CPU
		{D77FCAB3-66A9-4929-86FE-B01D28ADED6D}.Net20|Mixed Platforms.ActiveCfg = Release|Any CPU
		{D77FCAB3-66A9-4929-86FE-B01D28ADED6D}.Net20|Mixed Platforms.Build.0 = Release|Any CPU
		{D77FCAB3-66A9-4929-86FE-B01D28ADED6D}.Net20|Win32.ActiveCfg = Debug|Any CPU
		{D77FCAB3-66A9-4929-86FE-B01D28ADED6D}.Net20|x64.ActiveCfg = Debug|Any CPU
		{D77FCAB3-66A9-4929-86FE-B01D28ADED6D}.Net20|x86.ActiveCfg = Release|Any CPU
		{D77FCAB3-66A9-4929-86FE-B01D28ADED6D}.Net20|x86.Build.0 = Release|Any CPU
		{D77FCAB3-66A9-4929-86FE-B01D28ADED6D}.Profile|Any CPU.ActiveCfg = Release|Any CPU
		{D77FCAB3-66A9-4929-86FE-B01D28ADED6D}.Profile|Any CPU.Build.0 = Release|Any CPU
		{D77FCAB3-66A9-4929-86FE-B01D28ADED6D}.Profile|Mixed Platforms.ActiveCfg = Release|Any CPU
		{D77FCAB3-66A9-4929-86FE-B01D28ADED6D}.Profile|Mixed Platforms.Build.0 = Release|Any CPU
		{D77FCAB3-66A9-4929-86FE-B01D28ADED6D}.Profile|Win32.ActiveCfg = Debug|Any CPU
		{D77FCAB3-66A9-4929-86FE-B01D28ADED6D}.Profile|x64.ActiveCfg = Debug|Any CPU
		{D77FCAB3-66A9-4929-86FE-B01D28ADED6D}.Profile|x86.ActiveCfg = Release|Any CPU
		{D77FCAB3-66A9-4929-86FE-B01D28ADED6D}.Profile|x86.Build.0 = Release|Any CPU
		{D77FCAB3-66A9-4929-86FE-B01D28ADED6D}.Release|Any CPU.ActiveCfg = Release|Any CPU
		{D77FCAB3-66A9-4929-86FE-B01D28ADED6D}.Release|Any CPU.Build.0 = Release|Any CPU
		{D77FCAB3-66A9-4929-86FE-B01D28ADED6D}.Release|Mixed Platforms.ActiveCfg = Release|Any CPU
		{D77FCAB3-66A9-4929-86FE-B01D28ADED6D}.Release|Mixed Platforms.Build.0 = Release|Any CPU
		{D77FCAB3-66A9-4929-86FE-B01D28ADED6D}.Release|Win32.ActiveCfg = Release|Any CPU
		{D77FCAB3-66A9-4929-86FE-B01D28ADED6D}.Release|x64.ActiveCfg = Release|Any CPU
		{D77FCAB3-66A9-4929-86FE-B01D28ADED6D}.Release|x86.ActiveCfg = Release|Any CPU
		{D77FCAB3-66A9-4929-86FE-B01D28ADED6D}.Silverlight2|Any CPU.ActiveCfg = Release|Any CPU
		{D77FCAB3-66A9-4929-86FE-B01D28ADED6D}.Silverlight2|Any CPU.Build.0 = Release|Any CPU
		{D77FCAB3-66A9-4929-86FE-B01D28ADED6D}.Silverlight2|Mixed Platforms.ActiveCfg = Release|Any CPU
		{D77FCAB3-66A9-4929-86FE-B01D28ADED6D}.Silverlight2|Mixed Platforms.Build.0 = Release|Any CPU
		{D77FCAB3-66A9-4929-86FE-B01D28ADED6D}.Silverlight2|Win32.ActiveCfg = Debug|Any CPU
		{D77FCAB3-66A9-4929-86FE-B01D28ADED6D}.Silverlight2|x64.ActiveCfg = Debug|Any CPU
		{D77FCAB3-66A9-4929-86FE-B01D28ADED6D}.Silverlight2|x86.ActiveCfg = Release|Any CPU
		{D77FCAB3-66A9-4929-86FE-B01D28ADED6D}.Silverlight2|x86.Build.0 = Release|Any CPU
		{D77FCAB3-66A9-4929-86FE-B01D28ADED6D}.Unity|Any CPU.ActiveCfg = Release|Any CPU
		{D77FCAB3-66A9-4929-86FE-B01D28ADED6D}.Unity|Any CPU.Build.0 = Release|Any CPU
		{D77FCAB3-66A9-4929-86FE-B01D28ADED6D}.Unity|Mixed Platforms.ActiveCfg = Release|Any CPU
		{D77FCAB3-66A9-4929-86FE-B01D28ADED6D}.Unity|Mixed Platforms.Build.0 = Release|Any CPU
		{D77FCAB3-66A9-4929-86FE-B01D28ADED6D}.Unity|Win32.ActiveCfg = Debug|Any CPU
		{D77FCAB3-66A9-4929-86FE-B01D28ADED6D}.Unity|x64.ActiveCfg = Debug|Any CPU
		{D77FCAB3-66A9-4929-86FE-B01D28ADED6D}.Unity|x86.ActiveCfg = Release|Any CPU
		{D77FCAB3-66A9-4929-86FE-B01D28ADED6D}.Unity|x86.Build.0 = Release|Any CPU
		{FC246931-D865-4BD4-9E5C-534FE796756D}.CoreOnly|Any CPU.ActiveCfg = Release|Any CPU
		{FC246931-D865-4BD4-9E5C-534FE796756D}.CoreOnly|Any CPU.Build.0 = Release|Any CPU
		{FC246931-D865-4BD4-9E5C-534FE796756D}.CoreOnly|Mixed Platforms.ActiveCfg = Release|Any CPU
		{FC246931-D865-4BD4-9E5C-534FE796756D}.CoreOnly|Mixed Platforms.Build.0 = Release|Any CPU
		{FC246931-D865-4BD4-9E5C-534FE796756D}.CoreOnly|Win32.ActiveCfg = Debug|Any CPU
		{FC246931-D865-4BD4-9E5C-534FE796756D}.CoreOnly|x64.ActiveCfg = Debug|Any CPU
		{FC246931-D865-4BD4-9E5C-534FE796756D}.CoreOnly|x86.ActiveCfg = Release|Any CPU
		{FC246931-D865-4BD4-9E5C-534FE796756D}.CoreOnly|x86.Build.0 = Release|Any CPU
		{FC246931-D865-4BD4-9E5C-534FE796756D}.Debug|Any CPU.ActiveCfg = Debug|Any CPU
		{FC246931-D865-4BD4-9E5C-534FE796756D}.Debug|Any CPU.Build.0 = Debug|Any CPU
		{FC246931-D865-4BD4-9E5C-534FE796756D}.Debug|Mixed Platforms.ActiveCfg = Debug|Any CPU
		{FC246931-D865-4BD4-9E5C-534FE796756D}.Debug|Mixed Platforms.Build.0 = Debug|Any CPU
		{FC246931-D865-4BD4-9E5C-534FE796756D}.Debug|Win32.ActiveCfg = Debug|Any CPU
		{FC246931-D865-4BD4-9E5C-534FE796756D}.Debug|x64.ActiveCfg = Debug|Any CPU
		{FC246931-D865-4BD4-9E5C-534FE796756D}.Debug|x86.ActiveCfg = Debug|Any CPU
		{FC246931-D865-4BD4-9E5C-534FE796756D}.iOS|Any CPU.ActiveCfg = Release|Any CPU
		{FC246931-D865-4BD4-9E5C-534FE796756D}.iOS|Any CPU.Build.0 = Release|Any CPU
		{FC246931-D865-4BD4-9E5C-534FE796756D}.iOS|Mixed Platforms.ActiveCfg = Release|Any CPU
		{FC246931-D865-4BD4-9E5C-534FE796756D}.iOS|Mixed Platforms.Build.0 = Release|Any CPU
		{FC246931-D865-4BD4-9E5C-534FE796756D}.iOS|Win32.ActiveCfg = Debug|Any CPU
		{FC246931-D865-4BD4-9E5C-534FE796756D}.iOS|x64.ActiveCfg = Debug|Any CPU
		{FC246931-D865-4BD4-9E5C-534FE796756D}.iOS|x86.ActiveCfg = Release|Any CPU
		{FC246931-D865-4BD4-9E5C-534FE796756D}.iOS|x86.Build.0 = Release|Any CPU
		{FC246931-D865-4BD4-9E5C-534FE796756D}.Net20|Any CPU.ActiveCfg = Release|Any CPU
		{FC246931-D865-4BD4-9E5C-534FE796756D}.Net20|Any CPU.Build.0 = Release|Any CPU
		{FC246931-D865-4BD4-9E5C-534FE796756D}.Net20|Mixed Platforms.ActiveCfg = Release|Any CPU
		{FC246931-D865-4BD4-9E5C-534FE796756D}.Net20|Mixed Platforms.Build.0 = Release|Any CPU
		{FC246931-D865-4BD4-9E5C-534FE796756D}.Net20|Win32.ActiveCfg = Debug|Any CPU
		{FC246931-D865-4BD4-9E5C-534FE796756D}.Net20|x64.ActiveCfg = Debug|Any CPU
		{FC246931-D865-4BD4-9E5C-534FE796756D}.Net20|x86.ActiveCfg = Release|Any CPU
		{FC246931-D865-4BD4-9E5C-534FE796756D}.Net20|x86.Build.0 = Release|Any CPU
		{FC246931-D865-4BD4-9E5C-534FE796756D}.Profile|Any CPU.ActiveCfg = Release|Any CPU
		{FC246931-D865-4BD4-9E5C-534FE796756D}.Profile|Any CPU.Build.0 = Release|Any CPU
		{FC246931-D865-4BD4-9E5C-534FE796756D}.Profile|Mixed Platforms.ActiveCfg = Release|Any CPU
		{FC246931-D865-4BD4-9E5C-534FE796756D}.Profile|Mixed Platforms.Build.0 = Release|Any CPU
		{FC246931-D865-4BD4-9E5C-534FE796756D}.Profile|Win32.ActiveCfg = Debug|Any CPU
		{FC246931-D865-4BD4-9E5C-534FE796756D}.Profile|x64.ActiveCfg = Debug|Any CPU
		{FC246931-D865-4BD4-9E5C-534FE796756D}.Profile|x86.ActiveCfg = Release|Any CPU
		{FC246931-D865-4BD4-9E5C-534FE796756D}.Profile|x86.Build.0 = Release|Any CPU
		{FC246931-D865-4BD4-9E5C-534FE796756D}.Release|Any CPU.ActiveCfg = Release|Any CPU
		{FC246931-D865-4BD4-9E5C-534FE796756D}.Release|Any CPU.Build.0 = Release|Any CPU
		{FC246931-D865-4BD4-9E5C-534FE796756D}.Release|Mixed Platforms.ActiveCfg = Release|Any CPU
		{FC246931-D865-4BD4-9E5C-534FE796756D}.Release|Mixed Platforms.Build.0 = Release|Any CPU
		{FC246931-D865-4BD4-9E5C-534FE796756D}.Release|Win32.ActiveCfg = Release|Any CPU
		{FC246931-D865-4BD4-9E5C-534FE796756D}.Release|x64.ActiveCfg = Release|Any CPU
		{FC246931-D865-4BD4-9E5C-534FE796756D}.Release|x86.ActiveCfg = Release|Any CPU
		{FC246931-D865-4BD4-9E5C-534FE796756D}.Silverlight2|Any CPU.ActiveCfg = Release|Any CPU
		{FC246931-D865-4BD4-9E5C-534FE796756D}.Silverlight2|Any CPU.Build.0 = Release|Any CPU
		{FC246931-D865-4BD4-9E5C-534FE796756D}.Silverlight2|Mixed Platforms.ActiveCfg = Release|Any CPU
		{FC246931-D865-4BD4-9E5C-534FE796756D}.Silverlight2|Mixed Platforms.Build.0 = Release|Any CPU
		{FC246931-D865-4BD4-9E5C-534FE796756D}.Silverlight2|Win32.ActiveCfg = Debug|Any CPU
		{FC246931-D865-4BD4-9E5C-534FE796756D}.Silverlight2|x64.ActiveCfg = Debug|Any CPU
		{FC246931-D865-4BD4-9E5C-534FE796756D}.Silverlight2|x86.ActiveCfg = Release|Any CPU
		{FC246931-D865-4BD4-9E5C-534FE796756D}.Silverlight2|x86.Build.0 = Release|Any CPU
		{FC246931-D865-4BD4-9E5C-534FE796756D}.Unity|Any CPU.ActiveCfg = Release|Any CPU
		{FC246931-D865-4BD4-9E5C-534FE796756D}.Unity|Any CPU.Build.0 = Release|Any CPU
		{FC246931-D865-4BD4-9E5C-534FE796756D}.Unity|Mixed Platforms.ActiveCfg = Release|Any CPU
		{FC246931-D865-4BD4-9E5C-534FE796756D}.Unity|Mixed Platforms.Build.0 = Release|Any CPU
		{FC246931-D865-4BD4-9E5C-534FE796756D}.Unity|Win32.ActiveCfg = Debug|Any CPU
		{FC246931-D865-4BD4-9E5C-534FE796756D}.Unity|x64.ActiveCfg = Debug|Any CPU
		{FC246931-D865-4BD4-9E5C-534FE796756D}.Unity|x86.ActiveCfg = Release|Any CPU
		{FC246931-D865-4BD4-9E5C-534FE796756D}.Unity|x86.Build.0 = Release|Any CPU
		{C28689AA-5575-420D-9AA7-C00531613AB8}.CoreOnly|Any CPU.ActiveCfg = Release|Any CPU
		{C28689AA-5575-420D-9AA7-C00531613AB8}.CoreOnly|Any CPU.Build.0 = Release|Any CPU
		{C28689AA-5575-420D-9AA7-C00531613AB8}.CoreOnly|Mixed Platforms.ActiveCfg = Release|Any CPU
		{C28689AA-5575-420D-9AA7-C00531613AB8}.CoreOnly|Mixed Platforms.Build.0 = Release|Any CPU
		{C28689AA-5575-420D-9AA7-C00531613AB8}.CoreOnly|Win32.ActiveCfg = Debug|Any CPU
		{C28689AA-5575-420D-9AA7-C00531613AB8}.CoreOnly|x64.ActiveCfg = Debug|Any CPU
		{C28689AA-5575-420D-9AA7-C00531613AB8}.CoreOnly|x86.ActiveCfg = Release|Any CPU
		{C28689AA-5575-420D-9AA7-C00531613AB8}.CoreOnly|x86.Build.0 = Release|Any CPU
		{C28689AA-5575-420D-9AA7-C00531613AB8}.Debug|Any CPU.ActiveCfg = Debug|Any CPU
		{C28689AA-5575-420D-9AA7-C00531613AB8}.Debug|Any CPU.Build.0 = Debug|Any CPU
		{C28689AA-5575-420D-9AA7-C00531613AB8}.Debug|Mixed Platforms.ActiveCfg = Debug|Any CPU
		{C28689AA-5575-420D-9AA7-C00531613AB8}.Debug|Mixed Platforms.Build.0 = Debug|Any CPU
		{C28689AA-5575-420D-9AA7-C00531613AB8}.Debug|Win32.ActiveCfg = Debug|Any CPU
		{C28689AA-5575-420D-9AA7-C00531613AB8}.Debug|x64.ActiveCfg = Debug|Any CPU
		{C28689AA-5575-420D-9AA7-C00531613AB8}.Debug|x86.ActiveCfg = Debug|Any CPU
		{C28689AA-5575-420D-9AA7-C00531613AB8}.iOS|Any CPU.ActiveCfg = Release|Any CPU
		{C28689AA-5575-420D-9AA7-C00531613AB8}.iOS|Any CPU.Build.0 = Release|Any CPU
		{C28689AA-5575-420D-9AA7-C00531613AB8}.iOS|Mixed Platforms.ActiveCfg = Release|Any CPU
		{C28689AA-5575-420D-9AA7-C00531613AB8}.iOS|Mixed Platforms.Build.0 = Release|Any CPU
		{C28689AA-5575-420D-9AA7-C00531613AB8}.iOS|Win32.ActiveCfg = Debug|Any CPU
		{C28689AA-5575-420D-9AA7-C00531613AB8}.iOS|x64.ActiveCfg = Debug|Any CPU
		{C28689AA-5575-420D-9AA7-C00531613AB8}.iOS|x86.ActiveCfg = Release|Any CPU
		{C28689AA-5575-420D-9AA7-C00531613AB8}.iOS|x86.Build.0 = Release|Any CPU
		{C28689AA-5575-420D-9AA7-C00531613AB8}.Net20|Any CPU.ActiveCfg = Release|Any CPU
		{C28689AA-5575-420D-9AA7-C00531613AB8}.Net20|Any CPU.Build.0 = Release|Any CPU
		{C28689AA-5575-420D-9AA7-C00531613AB8}.Net20|Mixed Platforms.ActiveCfg = Release|Any CPU
		{C28689AA-5575-420D-9AA7-C00531613AB8}.Net20|Mixed Platforms.Build.0 = Release|Any CPU
		{C28689AA-5575-420D-9AA7-C00531613AB8}.Net20|Win32.ActiveCfg = Debug|Any CPU
		{C28689AA-5575-420D-9AA7-C00531613AB8}.Net20|x64.ActiveCfg = Debug|Any CPU
		{C28689AA-5575-420D-9AA7-C00531613AB8}.Net20|x86.ActiveCfg = Release|Any CPU
		{C28689AA-5575-420D-9AA7-C00531613AB8}.Net20|x86.Build.0 = Release|Any CPU
		{C28689AA-5575-420D-9AA7-C00531613AB8}.Profile|Any CPU.ActiveCfg = Release|Any CPU
		{C28689AA-5575-420D-9AA7-C00531613AB8}.Profile|Any CPU.Build.0 = Release|Any CPU
		{C28689AA-5575-420D-9AA7-C00531613AB8}.Profile|Mixed Platforms.ActiveCfg = Release|Any CPU
		{C28689AA-5575-420D-9AA7-C00531613AB8}.Profile|Mixed Platforms.Build.0 = Release|Any CPU
		{C28689AA-5575-420D-9AA7-C00531613AB8}.Profile|Win32.ActiveCfg = Debug|Any CPU
		{C28689AA-5575-420D-9AA7-C00531613AB8}.Profile|x64.ActiveCfg = Debug|Any CPU
		{C28689AA-5575-420D-9AA7-C00531613AB8}.Profile|x86.ActiveCfg = Release|Any CPU
		{C28689AA-5575-420D-9AA7-C00531613AB8}.Profile|x86.Build.0 = Release|Any CPU
		{C28689AA-5575-420D-9AA7-C00531613AB8}.Release|Any CPU.ActiveCfg = Release|Any CPU
		{C28689AA-5575-420D-9AA7-C00531613AB8}.Release|Any CPU.Build.0 = Release|Any CPU
		{C28689AA-5575-420D-9AA7-C00531613AB8}.Release|Mixed Platforms.ActiveCfg = Release|Any CPU
		{C28689AA-5575-420D-9AA7-C00531613AB8}.Release|Mixed Platforms.Build.0 = Release|Any CPU
		{C28689AA-5575-420D-9AA7-C00531613AB8}.Release|Win32.ActiveCfg = Release|Any CPU
		{C28689AA-5575-420D-9AA7-C00531613AB8}.Release|x64.ActiveCfg = Release|Any CPU
		{C28689AA-5575-420D-9AA7-C00531613AB8}.Release|x86.ActiveCfg = Release|Any CPU
		{C28689AA-5575-420D-9AA7-C00531613AB8}.Silverlight2|Any CPU.ActiveCfg = Release|Any CPU
		{C28689AA-5575-420D-9AA7-C00531613AB8}.Silverlight2|Any CPU.Build.0 = Release|Any CPU
		{C28689AA-5575-420D-9AA7-C00531613AB8}.Silverlight2|Mixed Platforms.ActiveCfg = Release|Any CPU
		{C28689AA-5575-420D-9AA7-C00531613AB8}.Silverlight2|Mixed Platforms.Build.0 = Release|Any CPU
		{C28689AA-5575-420D-9AA7-C00531613AB8}.Silverlight2|Win32.ActiveCfg = Debug|Any CPU
		{C28689AA-5575-420D-9AA7-C00531613AB8}.Silverlight2|x64.ActiveCfg = Debug|Any CPU
		{C28689AA-5575-420D-9AA7-C00531613AB8}.Silverlight2|x86.ActiveCfg = Release|Any CPU
		{C28689AA-5575-420D-9AA7-C00531613AB8}.Silverlight2|x86.Build.0 = Release|Any CPU
		{C28689AA-5575-420D-9AA7-C00531613AB8}.Unity|Any CPU.ActiveCfg = Release|Any CPU
		{C28689AA-5575-420D-9AA7-C00531613AB8}.Unity|Any CPU.Build.0 = Release|Any CPU
		{C28689AA-5575-420D-9AA7-C00531613AB8}.Unity|Mixed Platforms.ActiveCfg = Release|Any CPU
		{C28689AA-5575-420D-9AA7-C00531613AB8}.Unity|Mixed Platforms.Build.0 = Release|Any CPU
		{C28689AA-5575-420D-9AA7-C00531613AB8}.Unity|Win32.ActiveCfg = Debug|Any CPU
		{C28689AA-5575-420D-9AA7-C00531613AB8}.Unity|x64.ActiveCfg = Debug|Any CPU
		{C28689AA-5575-420D-9AA7-C00531613AB8}.Unity|x86.ActiveCfg = Release|Any CPU
		{C28689AA-5575-420D-9AA7-C00531613AB8}.Unity|x86.Build.0 = Release|Any CPU
		{8374E4D7-2A91-48F1-9360-09B09CF27C3F}.CoreOnly|Any CPU.ActiveCfg = Release|Any CPU
		{8374E4D7-2A91-48F1-9360-09B09CF27C3F}.CoreOnly|Any CPU.Build.0 = Release|Any CPU
		{8374E4D7-2A91-48F1-9360-09B09CF27C3F}.CoreOnly|Mixed Platforms.ActiveCfg = Release|Any CPU
		{8374E4D7-2A91-48F1-9360-09B09CF27C3F}.CoreOnly|Mixed Platforms.Build.0 = Release|Any CPU
		{8374E4D7-2A91-48F1-9360-09B09CF27C3F}.CoreOnly|Win32.ActiveCfg = Debug|Any CPU
		{8374E4D7-2A91-48F1-9360-09B09CF27C3F}.CoreOnly|x64.ActiveCfg = Debug|Any CPU
		{8374E4D7-2A91-48F1-9360-09B09CF27C3F}.CoreOnly|x86.ActiveCfg = Release|Any CPU
		{8374E4D7-2A91-48F1-9360-09B09CF27C3F}.Debug|Any CPU.ActiveCfg = Debug|Any CPU
		{8374E4D7-2A91-48F1-9360-09B09CF27C3F}.Debug|Any CPU.Build.0 = Debug|Any CPU
		{8374E4D7-2A91-48F1-9360-09B09CF27C3F}.Debug|Mixed Platforms.ActiveCfg = Debug|Any CPU
		{8374E4D7-2A91-48F1-9360-09B09CF27C3F}.Debug|Mixed Platforms.Build.0 = Debug|Any CPU
		{8374E4D7-2A91-48F1-9360-09B09CF27C3F}.Debug|Win32.ActiveCfg = Debug|Any CPU
		{8374E4D7-2A91-48F1-9360-09B09CF27C3F}.Debug|x64.ActiveCfg = Debug|Any CPU
		{8374E4D7-2A91-48F1-9360-09B09CF27C3F}.Debug|x86.ActiveCfg = Debug|Any CPU
		{8374E4D7-2A91-48F1-9360-09B09CF27C3F}.Debug|x86.Build.0 = Debug|Any CPU
		{8374E4D7-2A91-48F1-9360-09B09CF27C3F}.iOS|Any CPU.ActiveCfg = Release|Any CPU
		{8374E4D7-2A91-48F1-9360-09B09CF27C3F}.iOS|Any CPU.Build.0 = Release|Any CPU
		{8374E4D7-2A91-48F1-9360-09B09CF27C3F}.iOS|Mixed Platforms.ActiveCfg = Release|Any CPU
		{8374E4D7-2A91-48F1-9360-09B09CF27C3F}.iOS|Mixed Platforms.Build.0 = Release|Any CPU
		{8374E4D7-2A91-48F1-9360-09B09CF27C3F}.iOS|Win32.ActiveCfg = Debug|Any CPU
		{8374E4D7-2A91-48F1-9360-09B09CF27C3F}.iOS|x64.ActiveCfg = Debug|Any CPU
		{8374E4D7-2A91-48F1-9360-09B09CF27C3F}.iOS|x86.ActiveCfg = Release|Any CPU
		{8374E4D7-2A91-48F1-9360-09B09CF27C3F}.Net20|Any CPU.ActiveCfg = Release|Any CPU
		{8374E4D7-2A91-48F1-9360-09B09CF27C3F}.Net20|Any CPU.Build.0 = Release|Any CPU
		{8374E4D7-2A91-48F1-9360-09B09CF27C3F}.Net20|Mixed Platforms.ActiveCfg = Release|Any CPU
		{8374E4D7-2A91-48F1-9360-09B09CF27C3F}.Net20|Mixed Platforms.Build.0 = Release|Any CPU
		{8374E4D7-2A91-48F1-9360-09B09CF27C3F}.Net20|Win32.ActiveCfg = Debug|Any CPU
		{8374E4D7-2A91-48F1-9360-09B09CF27C3F}.Net20|x64.ActiveCfg = Debug|Any CPU
		{8374E4D7-2A91-48F1-9360-09B09CF27C3F}.Net20|x86.ActiveCfg = Release|Any CPU
		{8374E4D7-2A91-48F1-9360-09B09CF27C3F}.Profile|Any CPU.ActiveCfg = Release|Any CPU
		{8374E4D7-2A91-48F1-9360-09B09CF27C3F}.Profile|Any CPU.Build.0 = Release|Any CPU
		{8374E4D7-2A91-48F1-9360-09B09CF27C3F}.Profile|Mixed Platforms.ActiveCfg = Release|Any CPU
		{8374E4D7-2A91-48F1-9360-09B09CF27C3F}.Profile|Mixed Platforms.Build.0 = Release|Any CPU
		{8374E4D7-2A91-48F1-9360-09B09CF27C3F}.Profile|Win32.ActiveCfg = Debug|Any CPU
		{8374E4D7-2A91-48F1-9360-09B09CF27C3F}.Profile|x64.ActiveCfg = Debug|Any CPU
		{8374E4D7-2A91-48F1-9360-09B09CF27C3F}.Profile|x86.ActiveCfg = Release|Any CPU
		{8374E4D7-2A91-48F1-9360-09B09CF27C3F}.Release|Any CPU.ActiveCfg = Release|Any CPU
		{8374E4D7-2A91-48F1-9360-09B09CF27C3F}.Release|Any CPU.Build.0 = Release|Any CPU
		{8374E4D7-2A91-48F1-9360-09B09CF27C3F}.Release|Mixed Platforms.ActiveCfg = Release|Any CPU
		{8374E4D7-2A91-48F1-9360-09B09CF27C3F}.Release|Mixed Platforms.Build.0 = Release|Any CPU
		{8374E4D7-2A91-48F1-9360-09B09CF27C3F}.Release|Win32.ActiveCfg = Release|Any CPU
		{8374E4D7-2A91-48F1-9360-09B09CF27C3F}.Release|x64.ActiveCfg = Release|Any CPU
		{8374E4D7-2A91-48F1-9360-09B09CF27C3F}.Release|x86.ActiveCfg = Release|Any CPU
		{8374E4D7-2A91-48F1-9360-09B09CF27C3F}.Release|x86.Build.0 = Release|Any CPU
		{8374E4D7-2A91-48F1-9360-09B09CF27C3F}.Silverlight2|Any CPU.ActiveCfg = Release|Any CPU
		{8374E4D7-2A91-48F1-9360-09B09CF27C3F}.Silverlight2|Any CPU.Build.0 = Release|Any CPU
		{8374E4D7-2A91-48F1-9360-09B09CF27C3F}.Silverlight2|Mixed Platforms.ActiveCfg = Release|Any CPU
		{8374E4D7-2A91-48F1-9360-09B09CF27C3F}.Silverlight2|Mixed Platforms.Build.0 = Release|Any CPU
		{8374E4D7-2A91-48F1-9360-09B09CF27C3F}.Silverlight2|Win32.ActiveCfg = Debug|Any CPU
		{8374E4D7-2A91-48F1-9360-09B09CF27C3F}.Silverlight2|x64.ActiveCfg = Debug|Any CPU
		{8374E4D7-2A91-48F1-9360-09B09CF27C3F}.Silverlight2|x86.ActiveCfg = Release|Any CPU
		{8374E4D7-2A91-48F1-9360-09B09CF27C3F}.Unity|Any CPU.ActiveCfg = Release|Any CPU
		{8374E4D7-2A91-48F1-9360-09B09CF27C3F}.Unity|Any CPU.Build.0 = Release|Any CPU
		{8374E4D7-2A91-48F1-9360-09B09CF27C3F}.Unity|Mixed Platforms.ActiveCfg = Release|Any CPU
		{8374E4D7-2A91-48F1-9360-09B09CF27C3F}.Unity|Mixed Platforms.Build.0 = Release|Any CPU
		{8374E4D7-2A91-48F1-9360-09B09CF27C3F}.Unity|Win32.ActiveCfg = Debug|Any CPU
		{8374E4D7-2A91-48F1-9360-09B09CF27C3F}.Unity|x64.ActiveCfg = Debug|Any CPU
		{8374E4D7-2A91-48F1-9360-09B09CF27C3F}.Unity|x86.ActiveCfg = Release|Any CPU
		{403EB74F-6AF5-4250-8DA5-9D3CBFB7E545}.CoreOnly|Any CPU.ActiveCfg = Release|x64
		{403EB74F-6AF5-4250-8DA5-9D3CBFB7E545}.CoreOnly|Mixed Platforms.ActiveCfg = Release|x64
		{403EB74F-6AF5-4250-8DA5-9D3CBFB7E545}.CoreOnly|Mixed Platforms.Build.0 = Release|x64
		{403EB74F-6AF5-4250-8DA5-9D3CBFB7E545}.CoreOnly|Win32.ActiveCfg = Debug|x64
		{403EB74F-6AF5-4250-8DA5-9D3CBFB7E545}.CoreOnly|x64.ActiveCfg = Release|x64
		{403EB74F-6AF5-4250-8DA5-9D3CBFB7E545}.CoreOnly|x64.Build.0 = Release|x64
		{403EB74F-6AF5-4250-8DA5-9D3CBFB7E545}.CoreOnly|x86.ActiveCfg = Release|x64
		{403EB74F-6AF5-4250-8DA5-9D3CBFB7E545}.Debug|Any CPU.ActiveCfg = Debug|x64
		{403EB74F-6AF5-4250-8DA5-9D3CBFB7E545}.Debug|Mixed Platforms.ActiveCfg = Debug|x64
		{403EB74F-6AF5-4250-8DA5-9D3CBFB7E545}.Debug|Mixed Platforms.Build.0 = Debug|x64
		{403EB74F-6AF5-4250-8DA5-9D3CBFB7E545}.Debug|Win32.ActiveCfg = Debug|x64
		{403EB74F-6AF5-4250-8DA5-9D3CBFB7E545}.Debug|x64.ActiveCfg = Debug|x64
		{403EB74F-6AF5-4250-8DA5-9D3CBFB7E545}.Debug|x64.Build.0 = Debug|x64
		{403EB74F-6AF5-4250-8DA5-9D3CBFB7E545}.Debug|x86.ActiveCfg = Debug|x64
		{403EB74F-6AF5-4250-8DA5-9D3CBFB7E545}.iOS|Any CPU.ActiveCfg = Release|x64
		{403EB74F-6AF5-4250-8DA5-9D3CBFB7E545}.iOS|Mixed Platforms.ActiveCfg = Release|x64
		{403EB74F-6AF5-4250-8DA5-9D3CBFB7E545}.iOS|Mixed Platforms.Build.0 = Release|x64
		{403EB74F-6AF5-4250-8DA5-9D3CBFB7E545}.iOS|Win32.ActiveCfg = Debug|x64
		{403EB74F-6AF5-4250-8DA5-9D3CBFB7E545}.iOS|x64.ActiveCfg = Release|x64
		{403EB74F-6AF5-4250-8DA5-9D3CBFB7E545}.iOS|x64.Build.0 = Release|x64
		{403EB74F-6AF5-4250-8DA5-9D3CBFB7E545}.iOS|x86.ActiveCfg = Release|x64
		{403EB74F-6AF5-4250-8DA5-9D3CBFB7E545}.Net20|Any CPU.ActiveCfg = Release|x64
		{403EB74F-6AF5-4250-8DA5-9D3CBFB7E545}.Net20|Mixed Platforms.ActiveCfg = Release|x64
		{403EB74F-6AF5-4250-8DA5-9D3CBFB7E545}.Net20|Mixed Platforms.Build.0 = Release|x64
		{403EB74F-6AF5-4250-8DA5-9D3CBFB7E545}.Net20|Win32.ActiveCfg = Debug|x64
		{403EB74F-6AF5-4250-8DA5-9D3CBFB7E545}.Net20|x64.ActiveCfg = Release|x64
		{403EB74F-6AF5-4250-8DA5-9D3CBFB7E545}.Net20|x64.Build.0 = Release|x64
		{403EB74F-6AF5-4250-8DA5-9D3CBFB7E545}.Net20|x86.ActiveCfg = Release|x64
		{403EB74F-6AF5-4250-8DA5-9D3CBFB7E545}.Profile|Any CPU.ActiveCfg = Release|x64
		{403EB74F-6AF5-4250-8DA5-9D3CBFB7E545}.Profile|Mixed Platforms.ActiveCfg = Release|x64
		{403EB74F-6AF5-4250-8DA5-9D3CBFB7E545}.Profile|Mixed Platforms.Build.0 = Release|x64
		{403EB74F-6AF5-4250-8DA5-9D3CBFB7E545}.Profile|Win32.ActiveCfg = Debug|x64
		{403EB74F-6AF5-4250-8DA5-9D3CBFB7E545}.Profile|x64.ActiveCfg = Release|x64
		{403EB74F-6AF5-4250-8DA5-9D3CBFB7E545}.Profile|x64.Build.0 = Release|x64
		{403EB74F-6AF5-4250-8DA5-9D3CBFB7E545}.Profile|x86.ActiveCfg = Release|x64
		{403EB74F-6AF5-4250-8DA5-9D3CBFB7E545}.Release|Any CPU.ActiveCfg = Release|x64
		{403EB74F-6AF5-4250-8DA5-9D3CBFB7E545}.Release|Mixed Platforms.ActiveCfg = Release|x64
		{403EB74F-6AF5-4250-8DA5-9D3CBFB7E545}.Release|Mixed Platforms.Build.0 = Release|x64
		{403EB74F-6AF5-4250-8DA5-9D3CBFB7E545}.Release|Win32.ActiveCfg = Release|x64
		{403EB74F-6AF5-4250-8DA5-9D3CBFB7E545}.Release|x64.ActiveCfg = Release|x64
		{403EB74F-6AF5-4250-8DA5-9D3CBFB7E545}.Release|x64.Build.0 = Release|x64
		{403EB74F-6AF5-4250-8DA5-9D3CBFB7E545}.Release|x86.ActiveCfg = Release|x64
		{403EB74F-6AF5-4250-8DA5-9D3CBFB7E545}.Silverlight2|Any CPU.ActiveCfg = Release|x64
		{403EB74F-6AF5-4250-8DA5-9D3CBFB7E545}.Silverlight2|Mixed Platforms.ActiveCfg = Release|x64
		{403EB74F-6AF5-4250-8DA5-9D3CBFB7E545}.Silverlight2|Mixed Platforms.Build.0 = Release|x64
		{403EB74F-6AF5-4250-8DA5-9D3CBFB7E545}.Silverlight2|Win32.ActiveCfg = Debug|x64
		{403EB74F-6AF5-4250-8DA5-9D3CBFB7E545}.Silverlight2|x64.ActiveCfg = Release|x64
		{403EB74F-6AF5-4250-8DA5-9D3CBFB7E545}.Silverlight2|x64.Build.0 = Release|x64
		{403EB74F-6AF5-4250-8DA5-9D3CBFB7E545}.Silverlight2|x86.ActiveCfg = Release|x64
		{403EB74F-6AF5-4250-8DA5-9D3CBFB7E545}.Unity|Any CPU.ActiveCfg = Release|x64
		{403EB74F-6AF5-4250-8DA5-9D3CBFB7E545}.Unity|Mixed Platforms.ActiveCfg = Release|x64
		{403EB74F-6AF5-4250-8DA5-9D3CBFB7E545}.Unity|Mixed Platforms.Build.0 = Release|x64
		{403EB74F-6AF5-4250-8DA5-9D3CBFB7E545}.Unity|Win32.ActiveCfg = Debug|x64
		{403EB74F-6AF5-4250-8DA5-9D3CBFB7E545}.Unity|x64.ActiveCfg = Release|x64
		{403EB74F-6AF5-4250-8DA5-9D3CBFB7E545}.Unity|x64.Build.0 = Release|x64
		{403EB74F-6AF5-4250-8DA5-9D3CBFB7E545}.Unity|x86.ActiveCfg = Release|x64
	EndGlobalSection
	GlobalSection(SolutionProperties) = preSolution
		HideSolutionNode = FALSE
	EndGlobalSection
	GlobalSection(NestedProjects) = preSolution
		{8374E4D7-2A91-48F1-9360-09B09CF27C3F} = {46101454-CE9A-4EBB-B2CC-FD675F91935A}
		{403EB74F-6AF5-4250-8DA5-9D3CBFB7E545} = {46101454-CE9A-4EBB-B2CC-FD675F91935A}
		{F12B49D4-263F-4D8D-A24A-E32406AB0192} = {B2D97BF3-2DD8-487A-82FD-D5599078230E}
		{1AFB5488-A932-419D-86E3-71EA83A4C512} = {B2D97BF3-2DD8-487A-82FD-D5599078230E}
		{A32A3134-06C5-4E13-8410-14DE3D10FACC} = {B2D97BF3-2DD8-487A-82FD-D5599078230E}
		{D4FB9C55-A3D1-4B9E-BD51-E289B40FC7F3} = {B2D97BF3-2DD8-487A-82FD-D5599078230E}
		{78C43C7D-620E-48E4-A4B4-1AE3AF217E17} = {B2D97BF3-2DD8-487A-82FD-D5599078230E}
		{F0355E7C-5F74-4A9E-A25D-471051BB83FA} = {92B6A36A-E0B5-4D2E-83CC-96F4AF1C9BCB}
		{3C73F6BE-F1AE-412A-AC32-FCCD86498812} = {92B6A36A-E0B5-4D2E-83CC-96F4AF1C9BCB}
		{FAFE0576-7D94-468C-B0FB-95C2C7F33DCD} = {92B6A36A-E0B5-4D2E-83CC-96F4AF1C9BCB}
		{D77FCAB3-66A9-4929-86FE-B01D28ADED6D} = {92B6A36A-E0B5-4D2E-83CC-96F4AF1C9BCB}
		{FC246931-D865-4BD4-9E5C-534FE796756D} = {92B6A36A-E0B5-4D2E-83CC-96F4AF1C9BCB}
		{C28689AA-5575-420D-9AA7-C00531613AB8} = {92B6A36A-E0B5-4D2E-83CC-96F4AF1C9BCB}
	EndGlobalSection
EndGlobal
